// !$*UTF8*$!
{
	archiveVersion = 1;
	classes = {};
	objectVersion = 56;
	objects = {
		62B3195F32C9D4554AF62476 = { isa = PBXFileReference; lastKnownFileType = sourcecode.swift; path = "Sources/OrbitCore/ActionResolver.swift"; sourceTree = SOURCE_ROOT; };
		9E0CE155F811A99CDEB32FBB = { isa = PBXBuildFile; fileRef = 62B3195F32C9D4554AF62476; };
		FD8B5351C03BEA35F00E734B = { isa = PBXFileReference; lastKnownFileType = sourcecode.swift; path = "Sources/OrbitCore/DropPayloadValidator.swift"; sourceTree = SOURCE_ROOT; };
		24E741AEF8A0612096A2647A = { isa = PBXBuildFile; fileRef = FD8B5351C03BEA35F00E734B; };
		4CF38BE7C4D0852175BEC2E9 = { isa = PBXFileReference; lastKnownFileType = sourcecode.swift; path = "Sources/OrbitCore/Models.swift"; sourceTree = SOURCE_ROOT; };
		000A87A9F0E11A0B12C621C9 = { isa = PBXBuildFile; fileRef = 4CF38BE7C4D0852175BEC2E9; };
		400356926305128A48F80993 = { isa = PBXFileReference; lastKnownFileType = sourcecode.swift; path = "Sources/OrbitCore/RadialGeometry.swift"; sourceTree = SOURCE_ROOT; };
		0FB367A1241B1FC283BB9AE3 = { isa = PBXBuildFile; fileRef = 400356926305128A48F80993; };
		132667723C3260ACD59CD896 = { isa = PBXFileReference; lastKnownFileType = sourcecode.swift; path = "Sources/OrbitCore/ZIPInspector.swift"; sourceTree = SOURCE_ROOT; };
		3090F2080AB1AB9AF39033B8 = { isa = PBXBuildFile; fileRef = 132667723C3260ACD59CD896; };
		56B54FA8D2CF77459D084C4D = { isa = PBXFileReference; lastKnownFileType = sourcecode.swift; path = "Sources/OrbitDrop/AppModel.swift"; sourceTree = SOURCE_ROOT; };
		D88155B8EC8AF780017AC5C6 = { isa = PBXBuildFile; fileRef = 56B54FA8D2CF77459D084C4D; };
		1CA1037DADF0E61A30A29200 = { isa = PBXFileReference; lastKnownFileType = sourcecode.swift; path = "Sources/OrbitDrop/Drag/DragMonitor.swift"; sourceTree = SOURCE_ROOT; };
		F59BA00A2A76E641E9D23994 = { isa = PBXBuildFile; fileRef = 1CA1037DADF0E61A30A29200; };
		891197E43D679C44195FE451 = { isa = PBXFileReference; lastKnownFileType = sourcecode.swift; path = "Sources/OrbitDrop/Engines/ArchiveEngine.swift"; sourceTree = SOURCE_ROOT; };
		3B8FDA56DA6761A858BB8528 = { isa = PBXBuildFile; fileRef = 891197E43D679C44195FE451; };
		BF5AE5817ACE674FD95C8A9F = { isa = PBXFileReference; lastKnownFileType = sourcecode.swift; path = "Sources/OrbitDrop/Engines/FileEngine.swift"; sourceTree = SOURCE_ROOT; };
		D82C535CFA3FDAD106370301 = { isa = PBXBuildFile; fileRef = BF5AE5817ACE674FD95C8A9F; };
		D4D90778CD5A5581413AF80B = { isa = PBXFileReference; lastKnownFileType = sourcecode.swift; path = "Sources/OrbitDrop/Engines/FileInspector.swift"; sourceTree = SOURCE_ROOT; };
		F82E01A43B26EB710511F5D7 = { isa = PBXBuildFile; fileRef = D4D90778CD5A5581413AF80B; };
		8A555F293227DFC7766F3B48 = { isa = PBXFileReference; lastKnownFileType = sourcecode.swift; path = "Sources/OrbitDrop/Engines/ImageEngine.swift"; sourceTree = SOURCE_ROOT; };
		698651B89562ADB46D2C64F3 = { isa = PBXBuildFile; fileRef = 8A555F293227DFC7766F3B48; };
		D015445AADA0A846D99F706C = { isa = PBXFileReference; lastKnownFileType = sourcecode.swift; path = "Sources/OrbitDrop/Engines/MediaEngine.swift"; sourceTree = SOURCE_ROOT; };
		95A0188FF192EEEA7C0D8D01 = { isa = PBXBuildFile; fileRef = D015445AADA0A846D99F706C; };
		459195A298DACB13EAD4810A = { isa = PBXFileReference; lastKnownFileType = sourcecode.swift; path = "Sources/OrbitDrop/Engines/OutputTransaction.swift"; sourceTree = SOURCE_ROOT; };
		E80D03694D243A8730E986F3 = { isa = PBXBuildFile; fileRef = 459195A298DACB13EAD4810A; };
		0C4B235C371BA93BB00E122F = { isa = PBXFileReference; lastKnownFileType = sourcecode.swift; path = "Sources/OrbitDrop/Engines/PDFEngine.swift"; sourceTree = SOURCE_ROOT; };
		161F8A55135DBBD0F24D42AA = { isa = PBXBuildFile; fileRef = 0C4B235C371BA93BB00E122F; };
		3B74DF8FE422E8B4BC9FD2DE = { isa = PBXFileReference; lastKnownFileType = sourcecode.swift; path = "Sources/OrbitDrop/OrbitDropApp.swift"; sourceTree = SOURCE_ROOT; };
		E4CBDB49CCE47BBE88A52F5C = { isa = PBXBuildFile; fileRef = 3B74DF8FE422E8B4BC9FD2DE; };
		C669B082E7392AA3580F7FED = { isa = PBXFileReference; lastKnownFileType = sourcecode.swift; path = "Sources/OrbitDrop/UI/UtilityViews.swift"; sourceTree = SOURCE_ROOT; };
		75050559FAEB49314A11A1F6 = { isa = PBXBuildFile; fileRef = C669B082E7392AA3580F7FED; };
		33BEA59D4EA39C7070C0F958 = { isa = PBXFileReference; lastKnownFileType = sourcecode.swift; path = "Sources/OrbitDrop/Wheel/WheelController.swift"; sourceTree = SOURCE_ROOT; };
		BC5EE1A820298A909E527C68 = { isa = PBXBuildFile; fileRef = 33BEA59D4EA39C7070C0F958; };
		5BC9C22CA9FE32E48B9CD97B = { isa = PBXFileReference; lastKnownFileType = sourcecode.swift; path = "Tests/OrbitDropTests/ArchiveEngineTests.swift"; sourceTree = SOURCE_ROOT; };
		66A512DB77411C63FD2B3381 = { isa = PBXBuildFile; fileRef = 5BC9C22CA9FE32E48B9CD97B; };
		3E6D77CD6473EA27B8495A04 = { isa = PBXFileReference; lastKnownFileType = sourcecode.swift; path = "Tests/OrbitDropTests/FileEngineTests.swift"; sourceTree = SOURCE_ROOT; };
		F2F7E6DC07C24844A56FDB4A = { isa = PBXBuildFile; fileRef = 3E6D77CD6473EA27B8495A04; };
		9FB2E23DC8BDA3144023DF13 = { isa = PBXFileReference; lastKnownFileType = sourcecode.swift; path = "Tests/OrbitDropTests/ImageEngineTests.swift"; sourceTree = SOURCE_ROOT; };
		921650DC6ABA32C3D2D2214F = { isa = PBXBuildFile; fileRef = 9FB2E23DC8BDA3144023DF13; };
		2CA1B4A3BCC13597F5CBD89F = { isa = PBXFileReference; lastKnownFileType = sourcecode.swift; path = "Tests/OrbitDropTests/MediaEngineTests.swift"; sourceTree = SOURCE_ROOT; };
		4B7E39C2C760EF7A50217394 = { isa = PBXBuildFile; fileRef = 2CA1B4A3BCC13597F5CBD89F; };
		9E187A754A109FE5910B4502 = { isa = PBXFileReference; lastKnownFileType = sourcecode.swift; path = "Tests/OrbitDropTests/NativeTestFixtures.swift"; sourceTree = SOURCE_ROOT; };
		181881031FB4675143C3FD66 = { isa = PBXBuildFile; fileRef = 9E187A754A109FE5910B4502; };
		6CB3ED3FEF41D5E8F277C049 = { isa = PBXFileReference; lastKnownFileType = sourcecode.swift; path = "Tests/OrbitDropTests/OutputNamingTests.swift"; sourceTree = SOURCE_ROOT; };
		F8D8D679415AA96C377BA988 = { isa = PBXBuildFile; fileRef = 6CB3ED3FEF41D5E8F277C049; };
		917224D2C5B7C7FE8B96533F = { isa = PBXFileReference; lastKnownFileType = sourcecode.swift; path = "Tests/OrbitDropTests/PDFEngineTests.swift"; sourceTree = SOURCE_ROOT; };
		6224CEB8F13BF5A1A099D589 = { isa = PBXBuildFile; fileRef = 917224D2C5B7C7FE8B96533F; };
		CD44A207F8E1DA8BE91650C5 = { isa = PBXFileReference; lastKnownFileType = image.png; path = Resources/AppIcon.png; sourceTree = SOURCE_ROOT; };
		7C57E16B35C018A44DB03870 = { isa = PBXBuildFile; fileRef = CD44A207F8E1DA8BE91650C5; };
		E4D3F2FD8CF01E05CBB19EB8 = { isa = PBXFileReference; explicitFileType = archive.ar; includeInIndex = 0; path = libOrbitCore.a; sourceTree = BUILT_PRODUCTS_DIR; };
		6FE06B181E3430AB3ECA713A = { isa = PBXFileReference; explicitFileType = wrapper.application; includeInIndex = 0; path = OrbitDrop.app; sourceTree = BUILT_PRODUCTS_DIR; };
		4B0DE3DEB6371EB4EB0DAFB4 = { isa = PBXFileReference; explicitFileType = wrapper.cfbundle; includeInIndex = 0; path = OrbitDropTests.xctest; sourceTree = BUILT_PRODUCTS_DIR; };
		00C45FD35CB0F9C5F764F070 = { isa = PBXGroup; children = (E4D3F2FD8CF01E05CBB19EB8, 6FE06B181E3430AB3ECA713A, 4B0DE3DEB6371EB4EB0DAFB4); name = Products; sourceTree = "<group>"; };
		ADCF10F76EBF2A74473E9DC4 = { isa = PBXGroup; children = (62B3195F32C9D4554AF62476, FD8B5351C03BEA35F00E734B, 4CF38BE7C4D0852175BEC2E9, 400356926305128A48F80993, 132667723C3260ACD59CD896, 56B54FA8D2CF77459D084C4D, 1CA1037DADF0E61A30A29200, 891197E43D679C44195FE451, BF5AE5817ACE674FD95C8A9F, D4D90778CD5A5581413AF80B, 8A555F293227DFC7766F3B48, D015445AADA0A846D99F706C, 459195A298DACB13EAD4810A, 0C4B235C371BA93BB00E122F, 3B74DF8FE422E8B4BC9FD2DE, C669B082E7392AA3580F7FED, 33BEA59D4EA39C7070C0F958, 5BC9C22CA9FE32E48B9CD97B, 3E6D77CD6473EA27B8495A04, 9FB2E23DC8BDA3144023DF13, 2CA1B4A3BCC13597F5CBD89F, 9E187A754A109FE5910B4502, 6CB3ED3FEF41D5E8F277C049, 917224D2C5B7C7FE8B96533F, CD44A207F8E1DA8BE91650C5, 00C45FD35CB0F9C5F764F070); sourceTree = "<group>"; };
		041BAF714A5E18AFA20A9BDE = { isa = PBXBuildFile; fileRef = E4D3F2FD8CF01E05CBB19EB8; };
		C44EDA48BF4900F8C571F944 = { isa = PBXBuildFile; fileRef = E4D3F2FD8CF01E05CBB19EB8; };
		12FF92BF8CC58A74C768948E = { isa = PBXSourcesBuildPhase; buildActionMask = 2147483647; files = (9E0CE155F811A99CDEB32FBB, 24E741AEF8A0612096A2647A, 000A87A9F0E11A0B12C621C9, 0FB367A1241B1FC283BB9AE3, 3090F2080AB1AB9AF39033B8); runOnlyForDeploymentPostprocessing = 0; };
		7BB2E4DB2BD7FC2D55796D5F = { isa = PBXFrameworksBuildPhase; buildActionMask = 2147483647; files = (); runOnlyForDeploymentPostprocessing = 0; };
		88FA3F1BE41AF85F069F8E78 = { isa = PBXResourcesBuildPhase; buildActionMask = 2147483647; files = (); runOnlyForDeploymentPostprocessing = 0; };
		2949C84E1DE22628244955AF = { isa = PBXNativeTarget; buildConfigurationList = 625CB0AAD484B263553CE01C; buildPhases = (12FF92BF8CC58A74C768948E, 7BB2E4DB2BD7FC2D55796D5F, 88FA3F1BE41AF85F069F8E78); buildRules = (); dependencies = (); name = OrbitCore; productName = OrbitCore; productReference = E4D3F2FD8CF01E05CBB19EB8; productType = "com.apple.product-type.library.static"; };
		0820CAD9DF6876A3587C7DD0 = { isa = PBXContainerItemProxy; containerPortal = 98F54143AB4E86B28C3AFEE0; proxyType = 1; remoteGlobalIDString = 2949C84E1DE22628244955AF; remoteInfo = OrbitCore; };
		50DF2057FAB11AE5792D6860 = { isa = PBXTargetDependency; target = 2949C84E1DE22628244955AF; targetProxy = 0820CAD9DF6876A3587C7DD0; };
		9F0CE67C492253B430D99BAD = { isa = PBXSourcesBuildPhase; buildActionMask = 2147483647; files = (D88155B8EC8AF780017AC5C6, F59BA00A2A76E641E9D23994, 3B8FDA56DA6761A858BB8528, D82C535CFA3FDAD106370301, F82E01A43B26EB710511F5D7, 698651B89562ADB46D2C64F3, 95A0188FF192EEEA7C0D8D01, E80D03694D243A8730E986F3, 161F8A55135DBBD0F24D42AA, E4CBDB49CCE47BBE88A52F5C, 75050559FAEB49314A11A1F6, BC5EE1A820298A909E527C68); runOnlyForDeploymentPostprocessing = 0; };
		BAF2E4B82B72A07AEA2641CC = { isa = PBXFrameworksBuildPhase; buildActionMask = 2147483647; files = (041BAF714A5E18AFA20A9BDE); runOnlyForDeploymentPostprocessing = 0; };
		B9127E08D8B580CFB3289D92 = { isa = PBXResourcesBuildPhase; buildActionMask = 2147483647; files = (7C57E16B35C018A44DB03870); runOnlyForDeploymentPostprocessing = 0; };
		9E1C9D8D9930A8076B25869A = { isa = PBXNativeTarget; buildConfigurationList = F8EDE72F365317183E4D80E4; buildPhases = (9F0CE67C492253B430D99BAD, BAF2E4B82B72A07AEA2641CC, B9127E08D8B580CFB3289D92); buildRules = (); dependencies = (50DF2057FAB11AE5792D6860); name = OrbitDrop; productName = OrbitDrop; productReference = 6FE06B181E3430AB3ECA713A; productType = "com.apple.product-type.application"; };
		38640A82A355BC224CE456E2 = { isa = PBXContainerItemProxy; containerPortal = 98F54143AB4E86B28C3AFEE0; proxyType = 1; remoteGlobalIDString = 2949C84E1DE22628244955AF; remoteInfo = OrbitCore; };
		DE327E074AA445CBDF479AC9 = { isa = PBXTargetDependency; target = 2949C84E1DE22628244955AF; targetProxy = 38640A82A355BC224CE456E2; };
		81E39C3B48BE78A000CD7129 = { isa = PBXContainerItemProxy; containerPortal = 98F54143AB4E86B28C3AFEE0; proxyType = 1; remoteGlobalIDString = 9E1C9D8D9930A8076B25869A; remoteInfo = OrbitDrop; };
		E215238DFEA488FA9F2EE5B8 = { isa = PBXTargetDependency; target = 9E1C9D8D9930A8076B25869A; targetProxy = 81E39C3B48BE78A000CD7129; };
		3582AC42B8DA7F088185729B = { isa = PBXSourcesBuildPhase; buildActionMask = 2147483647; files = (66A512DB77411C63FD2B3381, F2F7E6DC07C24844A56FDB4A, 921650DC6ABA32C3D2D2214F, 4B7E39C2C760EF7A50217394, 181881031FB4675143C3FD66, F8D8D679415AA96C377BA988, 6224CEB8F13BF5A1A099D589); runOnlyForDeploymentPostprocessing = 0; };
		56051D4CBE4C429DC70B0EF9 = { isa = PBXFrameworksBuildPhase; buildActionMask = 2147483647; files = (C44EDA48BF4900F8C571F944); runOnlyForDeploymentPostprocessing = 0; };
		76542ADB8293E27C05B0EC8E = { isa = PBXResourcesBuildPhase; buildActionMask = 2147483647; files = (); runOnlyForDeploymentPostprocessing = 0; };
		1C7BC0344744D0F947DB9E28 = { isa = PBXNativeTarget; buildConfigurationList = 991BCFCFD5D2AC643F4B021E; buildPhases = (3582AC42B8DA7F088185729B, 56051D4CBE4C429DC70B0EF9, 76542ADB8293E27C05B0EC8E); buildRules = (); dependencies = (DE327E074AA445CBDF479AC9, E215238DFEA488FA9F2EE5B8); name = OrbitDropTests; productName = OrbitDropTests; productReference = 4B0DE3DEB6371EB4EB0DAFB4; productType = "com.apple.product-type.bundle.unit-test"; };
		877A6BA951A2EA0025A2ABE8 = { isa = XCBuildConfiguration; buildSettings = { CLANG_ENABLE_MODULES = "YES"; CODE_SIGNING_ALLOWED = "NO"; DEBUG_INFORMATION_FORMAT = "dwarf"; MACOSX_DEPLOYMENT_TARGET = "14.0"; ONLY_ACTIVE_ARCH = "YES"; SDKROOT = "macosx"; SWIFT_ACTIVE_COMPILATION_CONDITIONS = "DEBUG"; SWIFT_OPTIMIZATION_LEVEL = "-Onone"; SWIFT_STRICT_CONCURRENCY = "complete"; SWIFT_VERSION = "6.0"; }; name = Debug; };
		959134B361DD7E21ADEA3164 = { isa = XCBuildConfiguration; buildSettings = { CLANG_ENABLE_MODULES = "YES"; CODE_SIGNING_ALLOWED = "NO"; DEBUG_INFORMATION_FORMAT = "dwarf-with-dsym"; MACOSX_DEPLOYMENT_TARGET = "14.0"; ONLY_ACTIVE_ARCH = "NO"; SDKROOT = "macosx"; SWIFT_ACTIVE_COMPILATION_CONDITIONS = ""; SWIFT_OPTIMIZATION_LEVEL = "-O"; SWIFT_STRICT_CONCURRENCY = "complete"; SWIFT_VERSION = "6.0"; }; name = Release; };
		247BF104A9AD002C539DA531 = { isa = XCConfigurationList; buildConfigurations = (877A6BA951A2EA0025A2ABE8, 959134B361DD7E21ADEA3164); defaultConfigurationIsVisible = 0; defaultConfigurationName = Release; };
		EEDF773C6595B72EFCEF0F1C = { isa = XCBuildConfiguration; buildSettings = { CLANG_ENABLE_MODULES = "YES"; CODE_SIGNING_ALLOWED = "NO"; DEBUG_INFORMATION_FORMAT = "dwarf"; DEFINES_MODULE = "YES"; ENABLE_TESTABILITY = "YES"; MACH_O_TYPE = "staticlib"; MACOSX_DEPLOYMENT_TARGET = "14.0"; ONLY_ACTIVE_ARCH = "YES"; PRODUCT_MODULE_NAME = "OrbitCore"; PRODUCT_NAME = "$(TARGET_NAME)"; SDKROOT = "macosx"; SKIP_INSTALL = "YES"; SWIFT_ACTIVE_COMPILATION_CONDITIONS = "DEBUG"; SWIFT_INCLUDE_PATHS = "$(inherited) $(BUILT_PRODUCTS_DIR)"; SWIFT_INSTALL_OBJC_HEADER = "NO"; SWIFT_OPTIMIZATION_LEVEL = "-Onone"; SWIFT_STRICT_CONCURRENCY = "complete"; SWIFT_VERSION = "6.0"; }; name = Debug; };
		766406AF232F030B5EAF92D3 = { isa = XCBuildConfiguration; buildSettings = { CLANG_ENABLE_MODULES = "YES"; CODE_SIGNING_ALLOWED = "NO"; DEBUG_INFORMATION_FORMAT = "dwarf-with-dsym"; DEFINES_MODULE = "YES"; ENABLE_TESTABILITY = "YES"; MACH_O_TYPE = "staticlib"; MACOSX_DEPLOYMENT_TARGET = "14.0"; ONLY_ACTIVE_ARCH = "NO"; PRODUCT_MODULE_NAME = "OrbitCore"; PRODUCT_NAME = "$(TARGET_NAME)"; SDKROOT = "macosx"; SKIP_INSTALL = "YES"; SWIFT_ACTIVE_COMPILATION_CONDITIONS = ""; SWIFT_INCLUDE_PATHS = "$(inherited) $(BUILT_PRODUCTS_DIR)"; SWIFT_INSTALL_OBJC_HEADER = "NO"; SWIFT_OPTIMIZATION_LEVEL = "-O"; SWIFT_STRICT_CONCURRENCY = "complete"; SWIFT_VERSION = "6.0"; }; name = Release; };
		625CB0AAD484B263553CE01C = { isa = XCConfigurationList; buildConfigurations = (EEDF773C6595B72EFCEF0F1C, 766406AF232F030B5EAF92D3); defaultConfigurationIsVisible = 0; defaultConfigurationName = Release; };
		D7CDB88CBC02936183B00A07 = { isa = XCBuildConfiguration; buildSettings = { CLANG_ENABLE_MODULES = "YES"; CODE_SIGNING_ALLOWED = "NO"; DEBUG_INFORMATION_FORMAT = "dwarf"; ENABLE_TESTABILITY = "YES"; HEADER_SEARCH_PATHS = "$(inherited) $(SRCROOT)/build/WebP/include"; INFOPLIST_FILE = "Resources/Info.plist"; LD_RUNPATH_SEARCH_PATHS = "$(inherited) @executable_path/../Frameworks"; MACOSX_DEPLOYMENT_TARGET = "14.0"; ONLY_ACTIVE_ARCH = "YES"; OTHER_LDFLAGS = "$(inherited) -L$(SRCROOT)/build/WebP/lib -lwebp -lsharpyuv"; PRODUCT_BUNDLE_IDENTIFIER = "com.sknitd.OrbitDrop"; PRODUCT_MODULE_NAME = "OrbitDrop"; PRODUCT_NAME = "$(TARGET_NAME)"; SDKROOT = "macosx"; SWIFT_ACTIVE_COMPILATION_CONDITIONS = "DEBUG"; SWIFT_INCLUDE_PATHS = "$(inherited) $(BUILT_PRODUCTS_DIR)"; SWIFT_OBJC_BRIDGING_HEADER = "Sources/OrbitDrop/WebPBridge.h"; SWIFT_OPTIMIZATION_LEVEL = "-Onone"; SWIFT_STRICT_CONCURRENCY = "complete"; SWIFT_VERSION = "6.0"; }; name = Debug; };
		A39659C8D85AC1E25FA593F4 = { isa = XCBuildConfiguration; buildSettings = { CLANG_ENABLE_MODULES = "YES"; CODE_SIGNING_ALLOWED = "NO"; DEBUG_INFORMATION_FORMAT = "dwarf-with-dsym"; ENABLE_TESTABILITY = "YES"; HEADER_SEARCH_PATHS = "$(inherited) $(SRCROOT)/build/WebP/include"; INFOPLIST_FILE = "Resources/Info.plist"; LD_RUNPATH_SEARCH_PATHS = "$(inherited) @executable_path/../Frameworks"; MACOSX_DEPLOYMENT_TARGET = "14.0"; ONLY_ACTIVE_ARCH = "NO"; OTHER_LDFLAGS = "$(inherited) -L$(SRCROOT)/build/WebP/lib -lwebp -lsharpyuv"; PRODUCT_BUNDLE_IDENTIFIER = "com.sknitd.OrbitDrop"; PRODUCT_MODULE_NAME = "OrbitDrop"; PRODUCT_NAME = "$(TARGET_NAME)"; SDKROOT = "macosx"; SWIFT_ACTIVE_COMPILATION_CONDITIONS = ""; SWIFT_INCLUDE_PATHS = "$(inherited) $(BUILT_PRODUCTS_DIR)"; SWIFT_OBJC_BRIDGING_HEADER = "Sources/OrbitDrop/WebPBridge.h"; SWIFT_OPTIMIZATION_LEVEL = "-O"; SWIFT_STRICT_CONCURRENCY = "complete"; SWIFT_VERSION = "6.0"; }; name = Release; };
		F8EDE72F365317183E4D80E4 = { isa = XCConfigurationList; buildConfigurations = (D7CDB88CBC02936183B00A07, A39659C8D85AC1E25FA593F4); defaultConfigurationIsVisible = 0; defaultConfigurationName = Release; };
		73E4A25328F37796412F7CF8 = { isa = XCBuildConfiguration; buildSettings = { BUNDLE_LOADER = "$(TEST_HOST)"; CLANG_ENABLE_MODULES = "YES"; CODE_SIGNING_ALLOWED = "NO"; DEBUG_INFORMATION_FORMAT = "dwarf"; ENABLE_TESTABILITY = "YES"; GENERATE_INFOPLIST_FILE = "YES"; HEADER_SEARCH_PATHS = "$(inherited) $(SRCROOT)/build/WebP/include"; LD_RUNPATH_SEARCH_PATHS = "$(inherited) @executable_path/../Frameworks @loader_path/../Frameworks"; MACOSX_DEPLOYMENT_TARGET = "14.0"; ONLY_ACTIVE_ARCH = "YES"; PRODUCT_BUNDLE_IDENTIFIER = "com.sknitd.OrbitDropTests"; PRODUCT_MODULE_NAME = "OrbitDropTests"; PRODUCT_NAME = "$(TARGET_NAME)"; SDKROOT = "macosx"; SWIFT_ACTIVE_COMPILATION_CONDITIONS = "DEBUG"; SWIFT_INCLUDE_PATHS = "$(inherited) $(BUILT_PRODUCTS_DIR)"; SWIFT_OPTIMIZATION_LEVEL = "-Onone"; SWIFT_STRICT_CONCURRENCY = "complete"; SWIFT_VERSION = "6.0"; TEST_HOST = "$(BUILT_PRODUCTS_DIR)/OrbitDrop.app/Contents/MacOS/OrbitDrop"; }; name = Debug; };
		09B46AA582CA6611DE4D7055 = { isa = XCBuildConfiguration; buildSettings = { BUNDLE_LOADER = "$(TEST_HOST)"; CLANG_ENABLE_MODULES = "YES"; CODE_SIGNING_ALLOWED = "NO"; DEBUG_INFORMATION_FORMAT = "dwarf-with-dsym"; ENABLE_TESTABILITY = "YES"; GENERATE_INFOPLIST_FILE = "YES"; HEADER_SEARCH_PATHS = "$(inherited) $(SRCROOT)/build/WebP/include"; LD_RUNPATH_SEARCH_PATHS = "$(inherited) @executable_path/../Frameworks @loader_path/../Frameworks"; MACOSX_DEPLOYMENT_TARGET = "14.0"; ONLY_ACTIVE_ARCH = "NO"; PRODUCT_BUNDLE_IDENTIFIER = "com.sknitd.OrbitDropTests"; PRODUCT_MODULE_NAME = "OrbitDropTests"; PRODUCT_NAME = "$(TARGET_NAME)"; SDKROOT = "macosx"; SWIFT_ACTIVE_COMPILATION_CONDITIONS = ""; SWIFT_INCLUDE_PATHS = "$(inherited) $(BUILT_PRODUCTS_DIR)"; SWIFT_OPTIMIZATION_LEVEL = "-O"; SWIFT_STRICT_CONCURRENCY = "complete"; SWIFT_VERSION = "6.0"; TEST_HOST = "$(BUILT_PRODUCTS_DIR)/OrbitDrop.app/Contents/MacOS/OrbitDrop"; }; name = Release; };
		991BCFCFD5D2AC643F4B021E = { isa = XCConfigurationList; buildConfigurations = (73E4A25328F37796412F7CF8, 09B46AA582CA6611DE4D7055); defaultConfigurationIsVisible = 0; defaultConfigurationName = Release; };
		98F54143AB4E86B28C3AFEE0 = { isa = PBXProject; attributes = { LastUpgradeCheck = 1600; }; buildConfigurationList = 247BF104A9AD002C539DA531; compatibilityVersion = "Xcode 14.0"; developmentRegion = en; hasScannedForEncodings = 0; knownRegions = (en, Base); mainGroup = ADCF10F76EBF2A74473E9DC4; productRefGroup = 00C45FD35CB0F9C5F764F070; projectDirPath = ""; projectRoot = ""; targets = (2949C84E1DE22628244955AF, 9E1C9D8D9930A8076B25869A, 1C7BC0344744D0F947DB9E28); };
	};
	rootObject = 98F54143AB4E86B28C3AFEE0;
}
