// !$*UTF8*$!
{
	archiveVersion = 1;
	classes = {};
	objectVersion = 56;
	objects = {
		E269F90F4D28FB285649D1A7 = { isa = PBXFileReference; lastKnownFileType = sourcecode.swift; path = "../Sources/OrbitCore/ActionResolver.swift"; sourceTree = SOURCE_ROOT; };
		B7AA8FB2C3B33B9961CA9348 = { isa = PBXBuildFile; fileRef = E269F90F4D28FB285649D1A7; };
		01C2655AAF979CB8FBDFF827 = { isa = PBXFileReference; lastKnownFileType = sourcecode.swift; path = "../Sources/OrbitCore/DropPayloadValidator.swift"; sourceTree = SOURCE_ROOT; };
		999C8125DB364028A26C5D0B = { isa = PBXBuildFile; fileRef = 01C2655AAF979CB8FBDFF827; };
		D6C404539223D5B490203F39 = { isa = PBXFileReference; lastKnownFileType = sourcecode.swift; path = "../Sources/OrbitCore/Models.swift"; sourceTree = SOURCE_ROOT; };
		41C6AE6F92ECCD0F68685577 = { isa = PBXBuildFile; fileRef = D6C404539223D5B490203F39; };
		43CCD1C422ADB2EBADE50799 = { isa = PBXFileReference; lastKnownFileType = sourcecode.swift; path = "../Sources/OrbitCore/RadialGeometry.swift"; sourceTree = SOURCE_ROOT; };
		7D18FC172032FB55C8814A2A = { isa = PBXBuildFile; fileRef = 43CCD1C422ADB2EBADE50799; };
		CA0D4C87BE3A75DB1F78C86D = { isa = PBXFileReference; lastKnownFileType = sourcecode.swift; path = "../Sources/OrbitCore/ZIPInspector.swift"; sourceTree = SOURCE_ROOT; };
		2F019E7E59D458DED5A26727 = { isa = PBXBuildFile; fileRef = CA0D4C87BE3A75DB1F78C86D; };
		EC5C01FBD043EE12C54C7199 = { isa = PBXFileReference; lastKnownFileType = sourcecode.swift; path = "Sources/NotchCore/NotchActivation.swift"; sourceTree = SOURCE_ROOT; };
		B214B3928BAEA4A2B1B6130E = { isa = PBXBuildFile; fileRef = EC5C01FBD043EE12C54C7199; };
		93BD198D574BF31CF63B7EAD = { isa = PBXFileReference; lastKnownFileType = sourcecode.swift; path = "Sources/NotchCore/NotchGeometry.swift"; sourceTree = SOURCE_ROOT; };
		386EE9145653A9B217093FCE = { isa = PBXBuildFile; fileRef = 93BD198D574BF31CF63B7EAD; };
		AAEAD811E883E711FCC65D88 = { isa = PBXFileReference; lastKnownFileType = sourcecode.swift; path = "../Sources/OrbitDrop/AppModel.swift"; sourceTree = SOURCE_ROOT; };
		1B784D8DACABA94128032B35 = { isa = PBXBuildFile; fileRef = AAEAD811E883E711FCC65D88; };
		98B5282583A9E6FBFD5D80F1 = { isa = PBXFileReference; lastKnownFileType = sourcecode.swift; path = "../Sources/OrbitDrop/Engines/ArchiveEngine.swift"; sourceTree = SOURCE_ROOT; };
		09D23B03825CB18D616D3742 = { isa = PBXBuildFile; fileRef = 98B5282583A9E6FBFD5D80F1; };
		41900F5A12E743809E158B09 = { isa = PBXFileReference; lastKnownFileType = sourcecode.swift; path = "../Sources/OrbitDrop/Engines/FileEngine.swift"; sourceTree = SOURCE_ROOT; };
		F857D0CC2A57E829448E0D72 = { isa = PBXBuildFile; fileRef = 41900F5A12E743809E158B09; };
		33B8A6E73D5F297302599041 = { isa = PBXFileReference; lastKnownFileType = sourcecode.swift; path = "../Sources/OrbitDrop/Engines/FileInspector.swift"; sourceTree = SOURCE_ROOT; };
		CED76E350D6539B3C872F9D6 = { isa = PBXBuildFile; fileRef = 33B8A6E73D5F297302599041; };
		E113ED9B995477A19469D270 = { isa = PBXFileReference; lastKnownFileType = sourcecode.swift; path = "../Sources/OrbitDrop/Engines/ImageEngine.swift"; sourceTree = SOURCE_ROOT; };
		8948943B3E32C35A4A8BEB37 = { isa = PBXBuildFile; fileRef = E113ED9B995477A19469D270; };
		DDDBFB7989570C6B8FEC9F57 = { isa = PBXFileReference; lastKnownFileType = sourcecode.swift; path = "../Sources/OrbitDrop/Engines/MediaEngine.swift"; sourceTree = SOURCE_ROOT; };
		3589C6E9541DD3209FBEB319 = { isa = PBXBuildFile; fileRef = DDDBFB7989570C6B8FEC9F57; };
		9C2782070F67F184B37F7601 = { isa = PBXFileReference; lastKnownFileType = sourcecode.swift; path = "../Sources/OrbitDrop/Engines/OutputTransaction.swift"; sourceTree = SOURCE_ROOT; };
		F5CAB711B2DDB4DEA48C9838 = { isa = PBXBuildFile; fileRef = 9C2782070F67F184B37F7601; };
		A5305F5907516B24E7BDB82F = { isa = PBXFileReference; lastKnownFileType = sourcecode.swift; path = "../Sources/OrbitDrop/Engines/PDFEngine.swift"; sourceTree = SOURCE_ROOT; };
		75EF80AA0F694BF44F02869B = { isa = PBXBuildFile; fileRef = A5305F5907516B24E7BDB82F; };
		01587FA4EBB62861A957F90E = { isa = PBXFileReference; lastKnownFileType = sourcecode.swift; path = "Sources/NotchOrbit/Drag/NotchDragMonitor.swift"; sourceTree = SOURCE_ROOT; };
		C2D4EE4FC836A8CABDFAC955 = { isa = PBXBuildFile; fileRef = 01587FA4EBB62861A957F90E; };
		88A2878402189302A4654325 = { isa = PBXFileReference; lastKnownFileType = sourcecode.swift; path = "Sources/NotchOrbit/Notch/NotchPanelController.swift"; sourceTree = SOURCE_ROOT; };
		94077240BAE91DD84EBC1DED = { isa = PBXBuildFile; fileRef = 88A2878402189302A4654325; };
		F32F737A52148591CFA25454 = { isa = PBXFileReference; lastKnownFileType = sourcecode.swift; path = "Sources/NotchOrbit/Notch/NotchScreenLayout.swift"; sourceTree = SOURCE_ROOT; };
		175D2B4282053882737BCF2B = { isa = PBXBuildFile; fileRef = F32F737A52148591CFA25454; };
		0DA45DF52CDAD834A2EB14CD = { isa = PBXFileReference; lastKnownFileType = sourcecode.swift; path = "Sources/NotchOrbit/NotchOrbitApp.swift"; sourceTree = SOURCE_ROOT; };
		E1F57485BA86029FFA4E32E3 = { isa = PBXBuildFile; fileRef = 0DA45DF52CDAD834A2EB14CD; };
		D8D8DB5F18B8C40090453F3A = { isa = PBXFileReference; lastKnownFileType = sourcecode.swift; path = "Sources/NotchOrbit/UI/NotchUtilityViews.swift"; sourceTree = SOURCE_ROOT; };
		55497B1E1377A6C4B8F51E8D = { isa = PBXBuildFile; fileRef = D8D8DB5F18B8C40090453F3A; };
		7913723435F155CC9AF12657 = { isa = PBXFileReference; lastKnownFileType = sourcecode.swift; path = "Tests/NotchOrbitTests/NativeImageFixtures.swift"; sourceTree = SOURCE_ROOT; };
		980DA1C1C39F86AF6493C7B3 = { isa = PBXBuildFile; fileRef = 7913723435F155CC9AF12657; };
		8AE2FC250D04E946BAF232E1 = { isa = PBXFileReference; lastKnownFileType = sourcecode.swift; path = "Tests/NotchOrbitTests/NativeImageTests.swift"; sourceTree = SOURCE_ROOT; };
		8298DE4D07E21B9FB7163AB8 = { isa = PBXBuildFile; fileRef = 8AE2FC250D04E946BAF232E1; };
		166B5524CFFB8FA1B61C1FD2 = { isa = PBXFileReference; lastKnownFileType = sourcecode.swift; path = "Tests/NotchOrbitTests/NativePanelEvaluationTests.swift"; sourceTree = SOURCE_ROOT; };
		8896CD5AEAE0C0C89B110B4D = { isa = PBXBuildFile; fileRef = 166B5524CFFB8FA1B61C1FD2; };
		E8F33DB8A5E295BFDF74B3CD = { isa = PBXFileReference; lastKnownFileType = sourcecode.swift; path = "Tests/NotchOrbitTests/NativePasteboardTests.swift"; sourceTree = SOURCE_ROOT; };
		BC80AC6795EC47057813EE63 = { isa = PBXBuildFile; fileRef = E8F33DB8A5E295BFDF74B3CD; };
		2C78C5A5A1F187DC9B68F4ED = { isa = PBXFileReference; lastKnownFileType = image.icns; path = build/AppIcon.icns; sourceTree = SOURCE_ROOT; };
		7C57E16B35C018A44DB03870 = { isa = PBXBuildFile; fileRef = 2C78C5A5A1F187DC9B68F4ED; };
		E4D3F2FD8CF01E05CBB19EB8 = { isa = PBXFileReference; explicitFileType = archive.ar; includeInIndex = 0; path = libOrbitCore.a; sourceTree = BUILT_PRODUCTS_DIR; };
		DFCEEE8C059B6DF9C41221E9 = { isa = PBXFileReference; explicitFileType = archive.ar; includeInIndex = 0; path = libNotchCore.a; sourceTree = BUILT_PRODUCTS_DIR; };
		F34FF1D5E45832161BF8CE27 = { isa = PBXFileReference; explicitFileType = wrapper.application; includeInIndex = 0; path = NotchOrbit.app; sourceTree = BUILT_PRODUCTS_DIR; };
		68AAA071153639CF4656EA16 = { isa = PBXFileReference; explicitFileType = wrapper.cfbundle; includeInIndex = 0; path = NotchOrbitTests.xctest; sourceTree = BUILT_PRODUCTS_DIR; };
		00C45FD35CB0F9C5F764F070 = { isa = PBXGroup; children = (E4D3F2FD8CF01E05CBB19EB8, DFCEEE8C059B6DF9C41221E9, F34FF1D5E45832161BF8CE27, 68AAA071153639CF4656EA16); name = Products; sourceTree = "<group>"; };
		ADCF10F76EBF2A74473E9DC4 = { isa = PBXGroup; children = (E269F90F4D28FB285649D1A7, 01C2655AAF979CB8FBDFF827, D6C404539223D5B490203F39, 43CCD1C422ADB2EBADE50799, CA0D4C87BE3A75DB1F78C86D, EC5C01FBD043EE12C54C7199, 93BD198D574BF31CF63B7EAD, AAEAD811E883E711FCC65D88, 98B5282583A9E6FBFD5D80F1, 41900F5A12E743809E158B09, 33B8A6E73D5F297302599041, E113ED9B995477A19469D270, DDDBFB7989570C6B8FEC9F57, 9C2782070F67F184B37F7601, A5305F5907516B24E7BDB82F, 01587FA4EBB62861A957F90E, 88A2878402189302A4654325, F32F737A52148591CFA25454, 0DA45DF52CDAD834A2EB14CD, D8D8DB5F18B8C40090453F3A, 7913723435F155CC9AF12657, 8AE2FC250D04E946BAF232E1, 166B5524CFFB8FA1B61C1FD2, E8F33DB8A5E295BFDF74B3CD, 2C78C5A5A1F187DC9B68F4ED, 00C45FD35CB0F9C5F764F070); sourceTree = "<group>"; };
		12FF92BF8CC58A74C768948E = { isa = PBXSourcesBuildPhase; buildActionMask = 2147483647; files = (B7AA8FB2C3B33B9961CA9348, 999C8125DB364028A26C5D0B, 41C6AE6F92ECCD0F68685577, 7D18FC172032FB55C8814A2A, 2F019E7E59D458DED5A26727); runOnlyForDeploymentPostprocessing = 0; };
		7BB2E4DB2BD7FC2D55796D5F = { isa = PBXFrameworksBuildPhase; buildActionMask = 2147483647; files = (); runOnlyForDeploymentPostprocessing = 0; };
		88FA3F1BE41AF85F069F8E78 = { isa = PBXResourcesBuildPhase; buildActionMask = 2147483647; files = (); runOnlyForDeploymentPostprocessing = 0; };
		2949C84E1DE22628244955AF = { isa = PBXNativeTarget; buildConfigurationList = 625CB0AAD484B263553CE01C; buildPhases = (12FF92BF8CC58A74C768948E, 7BB2E4DB2BD7FC2D55796D5F, 88FA3F1BE41AF85F069F8E78); buildRules = (); dependencies = (); name = OrbitCore; productName = OrbitCore; productReference = E4D3F2FD8CF01E05CBB19EB8; productType = "com.apple.product-type.library.static"; };
		EF6FC92D12B027E41DC20E3B = { isa = PBXSourcesBuildPhase; buildActionMask = 2147483647; files = (B214B3928BAEA4A2B1B6130E, 386EE9145653A9B217093FCE); runOnlyForDeploymentPostprocessing = 0; };
		AEAC4648E2791116CD0E6460 = { isa = PBXFrameworksBuildPhase; buildActionMask = 2147483647; files = (); runOnlyForDeploymentPostprocessing = 0; };
		0EFDB05BCD2485F42F0FB24B = { isa = PBXResourcesBuildPhase; buildActionMask = 2147483647; files = (); runOnlyForDeploymentPostprocessing = 0; };
		16F236C454F57E3EB5AF8B93 = { isa = PBXNativeTarget; buildConfigurationList = 6641D433EC7D5088A172A40C; buildPhases = (EF6FC92D12B027E41DC20E3B, AEAC4648E2791116CD0E6460, 0EFDB05BCD2485F42F0FB24B); buildRules = (); dependencies = (); name = NotchCore; productName = NotchCore; productReference = DFCEEE8C059B6DF9C41221E9; productType = "com.apple.product-type.library.static"; };
		A65E73EF29AF97F04A9EC1BA = { isa = PBXContainerItemProxy; containerPortal = 98F54143AB4E86B28C3AFEE0; proxyType = 1; remoteGlobalIDString = 2949C84E1DE22628244955AF; remoteInfo = OrbitCore; };
		2FA5F6D458CDAA954C6F3CCA = { isa = PBXTargetDependency; target = 2949C84E1DE22628244955AF; targetProxy = A65E73EF29AF97F04A9EC1BA; };
		50C95AF77BE7EC423B928195 = { isa = PBXContainerItemProxy; containerPortal = 98F54143AB4E86B28C3AFEE0; proxyType = 1; remoteGlobalIDString = 16F236C454F57E3EB5AF8B93; remoteInfo = NotchCore; };
		4A5CA7B7A2747A9972FC3490 = { isa = PBXTargetDependency; target = 16F236C454F57E3EB5AF8B93; targetProxy = 50C95AF77BE7EC423B928195; };
		D141E951B9CC675483581122 = { isa = PBXSourcesBuildPhase; buildActionMask = 2147483647; files = (1B784D8DACABA94128032B35, 09D23B03825CB18D616D3742, F857D0CC2A57E829448E0D72, CED76E350D6539B3C872F9D6, 8948943B3E32C35A4A8BEB37, 3589C6E9541DD3209FBEB319, F5CAB711B2DDB4DEA48C9838, 75EF80AA0F694BF44F02869B, C2D4EE4FC836A8CABDFAC955, 94077240BAE91DD84EBC1DED, 175D2B4282053882737BCF2B, E1F57485BA86029FFA4E32E3, 55497B1E1377A6C4B8F51E8D); runOnlyForDeploymentPostprocessing = 0; };
		540630D1B02A8DCACFD97C04 = { isa = PBXBuildFile; fileRef = E4D3F2FD8CF01E05CBB19EB8; };
		054039C109DD37442C3E7CBE = { isa = PBXBuildFile; fileRef = DFCEEE8C059B6DF9C41221E9; };
		78B848DC2BD1CDD07FFEDEA3 = { isa = PBXFrameworksBuildPhase; buildActionMask = 2147483647; files = (540630D1B02A8DCACFD97C04, 054039C109DD37442C3E7CBE); runOnlyForDeploymentPostprocessing = 0; };
		DAC1B8D1F82E44909488FABD = { isa = PBXResourcesBuildPhase; buildActionMask = 2147483647; files = (7C57E16B35C018A44DB03870); runOnlyForDeploymentPostprocessing = 0; };
		7C43F466E294D8EE1D67AE15 = { isa = PBXNativeTarget; buildConfigurationList = 00C8B1DAE550D6652CC5C9CB; buildPhases = (D141E951B9CC675483581122, 78B848DC2BD1CDD07FFEDEA3, DAC1B8D1F82E44909488FABD); buildRules = (); dependencies = (2FA5F6D458CDAA954C6F3CCA, 4A5CA7B7A2747A9972FC3490); name = NotchOrbit; productName = NotchOrbit; productReference = F34FF1D5E45832161BF8CE27; productType = "com.apple.product-type.application"; };
		2AAFCC4D0DBA2458B300A752 = { isa = PBXContainerItemProxy; containerPortal = 98F54143AB4E86B28C3AFEE0; proxyType = 1; remoteGlobalIDString = 2949C84E1DE22628244955AF; remoteInfo = OrbitCore; };
		6989EBB57B61EA5BC457FC99 = { isa = PBXTargetDependency; target = 2949C84E1DE22628244955AF; targetProxy = 2AAFCC4D0DBA2458B300A752; };
		4BBAF84D502126B24D8C03E3 = { isa = PBXContainerItemProxy; containerPortal = 98F54143AB4E86B28C3AFEE0; proxyType = 1; remoteGlobalIDString = 16F236C454F57E3EB5AF8B93; remoteInfo = NotchCore; };
		8DF0FC7C5A78E5F9864C256E = { isa = PBXTargetDependency; target = 16F236C454F57E3EB5AF8B93; targetProxy = 4BBAF84D502126B24D8C03E3; };
		1611DBB4461CB95ABB2B6A81 = { isa = PBXContainerItemProxy; containerPortal = 98F54143AB4E86B28C3AFEE0; proxyType = 1; remoteGlobalIDString = 7C43F466E294D8EE1D67AE15; remoteInfo = NotchOrbit; };
		D2BC1D42F2CD90B22B52F291 = { isa = PBXTargetDependency; target = 7C43F466E294D8EE1D67AE15; targetProxy = 1611DBB4461CB95ABB2B6A81; };
		04A9B9933AF468324C86D16D = { isa = PBXSourcesBuildPhase; buildActionMask = 2147483647; files = (980DA1C1C39F86AF6493C7B3, 8298DE4D07E21B9FB7163AB8, 8896CD5AEAE0C0C89B110B4D, BC80AC6795EC47057813EE63); runOnlyForDeploymentPostprocessing = 0; };
		B09954531F10CDAB43A82977 = { isa = PBXBuildFile; fileRef = E4D3F2FD8CF01E05CBB19EB8; };
		3DE07728A9244D9936E76935 = { isa = PBXBuildFile; fileRef = DFCEEE8C059B6DF9C41221E9; };
		57127A36881A2B025CF6CA0C = { isa = PBXFrameworksBuildPhase; buildActionMask = 2147483647; files = (B09954531F10CDAB43A82977, 3DE07728A9244D9936E76935); runOnlyForDeploymentPostprocessing = 0; };
		BEBB331EA86AEFDB620F673B = { isa = PBXResourcesBuildPhase; buildActionMask = 2147483647; files = (); runOnlyForDeploymentPostprocessing = 0; };
		2CA48F7075C9A6EFE82C5184 = { isa = PBXNativeTarget; buildConfigurationList = 7A1F97F730ABA44C3A4BAA58; buildPhases = (04A9B9933AF468324C86D16D, 57127A36881A2B025CF6CA0C, BEBB331EA86AEFDB620F673B); buildRules = (); dependencies = (6989EBB57B61EA5BC457FC99, 8DF0FC7C5A78E5F9864C256E, D2BC1D42F2CD90B22B52F291); name = NotchOrbitTests; productName = NotchOrbitTests; productReference = 68AAA071153639CF4656EA16; productType = "com.apple.product-type.bundle.unit-test"; };
		877A6BA951A2EA0025A2ABE8 = { isa = XCBuildConfiguration; buildSettings = { CLANG_ENABLE_MODULES = "YES"; CODE_SIGNING_ALLOWED = "NO"; DEBUG_INFORMATION_FORMAT = "dwarf"; MACOSX_DEPLOYMENT_TARGET = "14.0"; ONLY_ACTIVE_ARCH = "YES"; SDKROOT = "macosx"; SUPPORTED_PLATFORMS = "macosx"; SWIFT_ACTIVE_COMPILATION_CONDITIONS = "DEBUG"; SWIFT_OPTIMIZATION_LEVEL = "-Onone"; SWIFT_STRICT_CONCURRENCY = "complete"; SWIFT_VERSION = "6.0"; }; name = Debug; };
		959134B361DD7E21ADEA3164 = { isa = XCBuildConfiguration; buildSettings = { ARCHS = "arm64 x86_64"; CLANG_ENABLE_MODULES = "YES"; CODE_SIGNING_ALLOWED = "NO"; DEBUG_INFORMATION_FORMAT = "dwarf-with-dsym"; MACOSX_DEPLOYMENT_TARGET = "14.0"; ONLY_ACTIVE_ARCH = "NO"; SDKROOT = "macosx"; SUPPORTED_PLATFORMS = "macosx"; SWIFT_ACTIVE_COMPILATION_CONDITIONS = ""; SWIFT_OPTIMIZATION_LEVEL = "-O"; SWIFT_STRICT_CONCURRENCY = "complete"; SWIFT_VERSION = "6.0"; }; name = Release; };
		247BF104A9AD002C539DA531 = { isa = XCConfigurationList; buildConfigurations = (877A6BA951A2EA0025A2ABE8, 959134B361DD7E21ADEA3164); defaultConfigurationIsVisible = 0; defaultConfigurationName = Release; };
		EEDF773C6595B72EFCEF0F1C = { isa = XCBuildConfiguration; buildSettings = { CLANG_ENABLE_MODULES = "YES"; CODE_SIGNING_ALLOWED = "NO"; DEBUG_INFORMATION_FORMAT = "dwarf"; DEFINES_MODULE = "YES"; ENABLE_TESTABILITY = "YES"; MACH_O_TYPE = "staticlib"; MACOSX_DEPLOYMENT_TARGET = "14.0"; ONLY_ACTIVE_ARCH = "YES"; PRODUCT_MODULE_NAME = "OrbitCore"; PRODUCT_NAME = "$(TARGET_NAME)"; SDKROOT = "macosx"; SKIP_INSTALL = "YES"; SUPPORTED_PLATFORMS = "macosx"; SWIFT_ACTIVE_COMPILATION_CONDITIONS = "DEBUG"; SWIFT_INCLUDE_PATHS = "$(inherited) $(BUILT_PRODUCTS_DIR)"; SWIFT_INSTALL_OBJC_HEADER = "NO"; SWIFT_OPTIMIZATION_LEVEL = "-Onone"; SWIFT_STRICT_CONCURRENCY = "complete"; SWIFT_VERSION = "6.0"; }; name = Debug; };
		766406AF232F030B5EAF92D3 = { isa = XCBuildConfiguration; buildSettings = { ARCHS = "arm64 x86_64"; CLANG_ENABLE_MODULES = "YES"; CODE_SIGNING_ALLOWED = "NO"; DEBUG_INFORMATION_FORMAT = "dwarf-with-dsym"; DEFINES_MODULE = "YES"; ENABLE_TESTABILITY = "YES"; MACH_O_TYPE = "staticlib"; MACOSX_DEPLOYMENT_TARGET = "14.0"; ONLY_ACTIVE_ARCH = "NO"; PRODUCT_MODULE_NAME = "OrbitCore"; PRODUCT_NAME = "$(TARGET_NAME)"; SDKROOT = "macosx"; SKIP_INSTALL = "YES"; SUPPORTED_PLATFORMS = "macosx"; SWIFT_ACTIVE_COMPILATION_CONDITIONS = ""; SWIFT_INCLUDE_PATHS = "$(inherited) $(BUILT_PRODUCTS_DIR)"; SWIFT_INSTALL_OBJC_HEADER = "NO"; SWIFT_OPTIMIZATION_LEVEL = "-O"; SWIFT_STRICT_CONCURRENCY = "complete"; SWIFT_VERSION = "6.0"; }; name = Release; };
		625CB0AAD484B263553CE01C = { isa = XCConfigurationList; buildConfigurations = (EEDF773C6595B72EFCEF0F1C, 766406AF232F030B5EAF92D3); defaultConfigurationIsVisible = 0; defaultConfigurationName = Release; };
		DBC9F9B7A9C3963EF4F81F2A = { isa = XCBuildConfiguration; buildSettings = { CLANG_ENABLE_MODULES = "YES"; CODE_SIGNING_ALLOWED = "NO"; DEBUG_INFORMATION_FORMAT = "dwarf"; DEFINES_MODULE = "YES"; ENABLE_TESTABILITY = "YES"; MACH_O_TYPE = "staticlib"; MACOSX_DEPLOYMENT_TARGET = "14.0"; ONLY_ACTIVE_ARCH = "YES"; PRODUCT_MODULE_NAME = "NotchCore"; PRODUCT_NAME = "$(TARGET_NAME)"; SDKROOT = "macosx"; SKIP_INSTALL = "YES"; SUPPORTED_PLATFORMS = "macosx"; SWIFT_ACTIVE_COMPILATION_CONDITIONS = "DEBUG"; SWIFT_INCLUDE_PATHS = "$(inherited) $(BUILT_PRODUCTS_DIR)"; SWIFT_INSTALL_OBJC_HEADER = "NO"; SWIFT_OPTIMIZATION_LEVEL = "-Onone"; SWIFT_STRICT_CONCURRENCY = "complete"; SWIFT_VERSION = "6.0"; }; name = Debug; };
		E4A2142454F09F097E5DBA96 = { isa = XCBuildConfiguration; buildSettings = { ARCHS = "arm64 x86_64"; CLANG_ENABLE_MODULES = "YES"; CODE_SIGNING_ALLOWED = "NO"; DEBUG_INFORMATION_FORMAT = "dwarf-with-dsym"; DEFINES_MODULE = "YES"; ENABLE_TESTABILITY = "YES"; MACH_O_TYPE = "staticlib"; MACOSX_DEPLOYMENT_TARGET = "14.0"; ONLY_ACTIVE_ARCH = "NO"; PRODUCT_MODULE_NAME = "NotchCore"; PRODUCT_NAME = "$(TARGET_NAME)"; SDKROOT = "macosx"; SKIP_INSTALL = "YES"; SUPPORTED_PLATFORMS = "macosx"; SWIFT_ACTIVE_COMPILATION_CONDITIONS = ""; SWIFT_INCLUDE_PATHS = "$(inherited) $(BUILT_PRODUCTS_DIR)"; SWIFT_INSTALL_OBJC_HEADER = "NO"; SWIFT_OPTIMIZATION_LEVEL = "-O"; SWIFT_STRICT_CONCURRENCY = "complete"; SWIFT_VERSION = "6.0"; }; name = Release; };
		6641D433EC7D5088A172A40C = { isa = XCConfigurationList; buildConfigurations = (DBC9F9B7A9C3963EF4F81F2A, E4A2142454F09F097E5DBA96); defaultConfigurationIsVisible = 0; defaultConfigurationName = Release; };
		48A8897A073D4A56CA5E1557 = { isa = XCBuildConfiguration; buildSettings = { CLANG_ENABLE_MODULES = "YES"; CODE_SIGNING_ALLOWED = "NO"; DEBUG_INFORMATION_FORMAT = "dwarf"; ENABLE_TESTABILITY = "YES"; HEADER_SEARCH_PATHS = "$(inherited) $(SRCROOT)/../build/WebP/include"; INFOPLIST_FILE = "Resources/Info.plist"; LD_RUNPATH_SEARCH_PATHS = "$(inherited) @executable_path/../Frameworks"; MACOSX_DEPLOYMENT_TARGET = "14.0"; ONLY_ACTIVE_ARCH = "YES"; OTHER_LDFLAGS = "$(inherited) -L$(SRCROOT)/../build/WebP/lib -lwebp -lsharpyuv"; PRODUCT_BUNDLE_IDENTIFIER = "com.sknitd.NotchOrbit"; PRODUCT_MODULE_NAME = "NotchOrbit"; PRODUCT_NAME = "$(TARGET_NAME)"; SDKROOT = "macosx"; SUPPORTED_PLATFORMS = "macosx"; SWIFT_ACTIVE_COMPILATION_CONDITIONS = "DEBUG"; SWIFT_INCLUDE_PATHS = "$(inherited) $(BUILT_PRODUCTS_DIR)"; SWIFT_OBJC_BRIDGING_HEADER = "../Sources/OrbitDrop/WebPBridge.h"; SWIFT_OPTIMIZATION_LEVEL = "-Onone"; SWIFT_STRICT_CONCURRENCY = "complete"; SWIFT_VERSION = "6.0"; }; name = Debug; };
		0AF66C6F54FB17F3420A9C1C = { isa = XCBuildConfiguration; buildSettings = { ARCHS = "arm64 x86_64"; CLANG_ENABLE_MODULES = "YES"; CODE_SIGNING_ALLOWED = "NO"; DEBUG_INFORMATION_FORMAT = "dwarf-with-dsym"; ENABLE_TESTABILITY = "YES"; HEADER_SEARCH_PATHS = "$(inherited) $(SRCROOT)/../build/WebP/include"; INFOPLIST_FILE = "Resources/Info.plist"; LD_RUNPATH_SEARCH_PATHS = "$(inherited) @executable_path/../Frameworks"; MACOSX_DEPLOYMENT_TARGET = "14.0"; ONLY_ACTIVE_ARCH = "NO"; OTHER_LDFLAGS = "$(inherited) -L$(SRCROOT)/../build/WebP/lib -lwebp -lsharpyuv"; PRODUCT_BUNDLE_IDENTIFIER = "com.sknitd.NotchOrbit"; PRODUCT_MODULE_NAME = "NotchOrbit"; PRODUCT_NAME = "$(TARGET_NAME)"; SDKROOT = "macosx"; SUPPORTED_PLATFORMS = "macosx"; SWIFT_ACTIVE_COMPILATION_CONDITIONS = ""; SWIFT_INCLUDE_PATHS = "$(inherited) $(BUILT_PRODUCTS_DIR)"; SWIFT_OBJC_BRIDGING_HEADER = "../Sources/OrbitDrop/WebPBridge.h"; SWIFT_OPTIMIZATION_LEVEL = "-O"; SWIFT_STRICT_CONCURRENCY = "complete"; SWIFT_VERSION = "6.0"; }; name = Release; };
		00C8B1DAE550D6652CC5C9CB = { isa = XCConfigurationList; buildConfigurations = (48A8897A073D4A56CA5E1557, 0AF66C6F54FB17F3420A9C1C); defaultConfigurationIsVisible = 0; defaultConfigurationName = Release; };
		0E6C43C6E35C9DCADAF297B9 = { isa = XCBuildConfiguration; buildSettings = { BUNDLE_LOADER = "$(TEST_HOST)"; CLANG_ENABLE_MODULES = "YES"; CODE_SIGNING_ALLOWED = "NO"; DEBUG_INFORMATION_FORMAT = "dwarf"; ENABLE_TESTABILITY = "YES"; GENERATE_INFOPLIST_FILE = "YES"; HEADER_SEARCH_PATHS = "$(inherited) $(SRCROOT)/../build/WebP/include"; LD_RUNPATH_SEARCH_PATHS = "$(inherited) @executable_path/../Frameworks @loader_path/../Frameworks"; MACOSX_DEPLOYMENT_TARGET = "14.0"; ONLY_ACTIVE_ARCH = "YES"; PRODUCT_BUNDLE_IDENTIFIER = "com.sknitd.NotchOrbitTests"; PRODUCT_MODULE_NAME = "NotchOrbitTests"; PRODUCT_NAME = "$(TARGET_NAME)"; SDKROOT = "macosx"; SUPPORTED_PLATFORMS = "macosx"; SWIFT_ACTIVE_COMPILATION_CONDITIONS = "DEBUG"; SWIFT_INCLUDE_PATHS = "$(inherited) $(BUILT_PRODUCTS_DIR)"; SWIFT_OPTIMIZATION_LEVEL = "-Onone"; SWIFT_STRICT_CONCURRENCY = "complete"; SWIFT_VERSION = "6.0"; TEST_HOST = "$(BUILT_PRODUCTS_DIR)/NotchOrbit.app/Contents/MacOS/NotchOrbit"; }; name = Debug; };
		4F3A18CA747DA192F0583BC6 = { isa = XCBuildConfiguration; buildSettings = { ARCHS = "arm64 x86_64"; BUNDLE_LOADER = "$(TEST_HOST)"; CLANG_ENABLE_MODULES = "YES"; CODE_SIGNING_ALLOWED = "NO"; DEBUG_INFORMATION_FORMAT = "dwarf-with-dsym"; ENABLE_TESTABILITY = "YES"; GENERATE_INFOPLIST_FILE = "YES"; HEADER_SEARCH_PATHS = "$(inherited) $(SRCROOT)/../build/WebP/include"; LD_RUNPATH_SEARCH_PATHS = "$(inherited) @executable_path/../Frameworks @loader_path/../Frameworks"; MACOSX_DEPLOYMENT_TARGET = "14.0"; ONLY_ACTIVE_ARCH = "NO"; PRODUCT_BUNDLE_IDENTIFIER = "com.sknitd.NotchOrbitTests"; PRODUCT_MODULE_NAME = "NotchOrbitTests"; PRODUCT_NAME = "$(TARGET_NAME)"; SDKROOT = "macosx"; SUPPORTED_PLATFORMS = "macosx"; SWIFT_ACTIVE_COMPILATION_CONDITIONS = ""; SWIFT_INCLUDE_PATHS = "$(inherited) $(BUILT_PRODUCTS_DIR)"; SWIFT_OPTIMIZATION_LEVEL = "-O"; SWIFT_STRICT_CONCURRENCY = "complete"; SWIFT_VERSION = "6.0"; TEST_HOST = "$(BUILT_PRODUCTS_DIR)/NotchOrbit.app/Contents/MacOS/NotchOrbit"; }; name = Release; };
		7A1F97F730ABA44C3A4BAA58 = { isa = XCConfigurationList; buildConfigurations = (0E6C43C6E35C9DCADAF297B9, 4F3A18CA747DA192F0583BC6); defaultConfigurationIsVisible = 0; defaultConfigurationName = Release; };
		98F54143AB4E86B28C3AFEE0 = { isa = PBXProject; attributes = { LastUpgradeCheck = 1600; }; buildConfigurationList = 247BF104A9AD002C539DA531; compatibilityVersion = "Xcode 14.0"; developmentRegion = en; hasScannedForEncodings = 0; knownRegions = (en, Base); mainGroup = ADCF10F76EBF2A74473E9DC4; productRefGroup = 00C45FD35CB0F9C5F764F070; projectDirPath = ""; projectRoot = ""; targets = (2949C84E1DE22628244955AF, 16F236C454F57E3EB5AF8B93, 7C43F466E294D8EE1D67AE15, 2CA48F7075C9A6EFE82C5184); };
	};
	rootObject = 98F54143AB4E86B28C3AFEE0;
}
