// !$*UTF8*$!
{
	archiveVersion = 1;
	classes = {};
	objectVersion = 56;
	objects = {
		E8825336F8E2C5680519B84F = { isa = PBXFileReference; lastKnownFileType = sourcecode.swift; path = "Sources/CornerCore/CornerActions.swift"; sourceTree = SOURCE_ROOT; };
		EA24C0A15FDDE6B9098DCE53 = { isa = PBXBuildFile; fileRef = E8825336F8E2C5680519B84F; };
		3D50102FE2C0E7EE0FCDCD89 = { isa = PBXFileReference; lastKnownFileType = sourcecode.swift; path = "Sources/CornerCore/CornerClipboard.swift"; sourceTree = SOURCE_ROOT; };
		535EDAB2E755A8319994A318 = { isa = PBXBuildFile; fileRef = 3D50102FE2C0E7EE0FCDCD89; };
		E3FD7E62F76587399E3867AD = { isa = PBXFileReference; lastKnownFileType = sourcecode.swift; path = "Sources/CornerCore/CornerClipboardActionText.swift"; sourceTree = SOURCE_ROOT; };
		FF8FCAD78E7E8BF4A7382729 = { isa = PBXBuildFile; fileRef = E3FD7E62F76587399E3867AD; };
		55DB87C3F55B8B94E3CCBE17 = { isa = PBXFileReference; lastKnownFileType = sourcecode.swift; path = "Sources/CornerCore/CornerGeometry.swift"; sourceTree = SOURCE_ROOT; };
		0354C59B16FD1CC6B0FCBD68 = { isa = PBXBuildFile; fileRef = 55DB87C3F55B8B94E3CCBE17; };
		FEF595EC98DFA17BDDC4A6A9 = { isa = PBXFileReference; lastKnownFileType = sourcecode.swift; path = "Sources/CornerCore/CornerGestureRecognizer.swift"; sourceTree = SOURCE_ROOT; };
		3C5753E7187086536EB214C3 = { isa = PBXBuildFile; fileRef = FEF595EC98DFA17BDDC4A6A9; };
		91685ABA64120AEEECB9175E = { isa = PBXFileReference; lastKnownFileType = sourcecode.swift; path = "Sources/CornerCore/CornerHistory.swift"; sourceTree = SOURCE_ROOT; };
		1CF1108076F6BB4081A19781 = { isa = PBXBuildFile; fileRef = 91685ABA64120AEEECB9175E; };
		1BA770CD4A3D4C12E88534C0 = { isa = PBXFileReference; lastKnownFileType = sourcecode.swift; path = "Sources/CornerCore/CornerLinks.swift"; sourceTree = SOURCE_ROOT; };
		2D6AFF908CE513158B600107 = { isa = PBXBuildFile; fileRef = 1BA770CD4A3D4C12E88534C0; };
		F2E691BE27E97B37B2A6521F = { isa = PBXFileReference; lastKnownFileType = sourcecode.swift; path = "Sources/CornerCore/CornerProfiles.swift"; sourceTree = SOURCE_ROOT; };
		F031922DE18F1A4CDCC510AD = { isa = PBXBuildFile; fileRef = F2E691BE27E97B37B2A6521F; };
		ADDB4D08CF4640646374354B = { isa = PBXFileReference; lastKnownFileType = sourcecode.swift; path = "Sources/CornerCore/CornerSettings.swift"; sourceTree = SOURCE_ROOT; };
		EE48CC02C039E414D7709B42 = { isa = PBXBuildFile; fileRef = ADDB4D08CF4640646374354B; };
		7F30667166BBCD1D88DF4CBD = { isa = PBXFileReference; lastKnownFileType = sourcecode.swift; path = "Sources/CornerCore/CornerWindowLayout.swift"; sourceTree = SOURCE_ROOT; };
		2E0BF710174D585812C5EF59 = { isa = PBXBuildFile; fileRef = 7F30667166BBCD1D88DF4CBD; };
		A800301962C26AD9F6239EF8 = { isa = PBXFileReference; lastKnownFileType = sourcecode.swift; path = "Sources/CornerOrbit/Actions/CornerActionInputs.swift"; sourceTree = SOURCE_ROOT; };
		7B5110B321E4134BE2709F20 = { isa = PBXBuildFile; fileRef = A800301962C26AD9F6239EF8; };
		131313B9902814B487400277 = { isa = PBXFileReference; lastKnownFileType = sourcecode.swift; path = "Sources/CornerOrbit/Actions/CornerActionRunner.swift"; sourceTree = SOURCE_ROOT; };
		ED3D8F29F0532F8524B6E1CF = { isa = PBXBuildFile; fileRef = 131313B9902814B487400277; };
		82824322B7512D0A3DFD97AE = { isa = PBXFileReference; lastKnownFileType = sourcecode.swift; path = "Sources/CornerOrbit/Actions/CornerAppleScriptExecutor.swift"; sourceTree = SOURCE_ROOT; };
		FF910E17982FF6B543AB1AD6 = { isa = PBXBuildFile; fileRef = 82824322B7512D0A3DFD97AE; };
		EC9AD3000E6D32BA25D727F1 = { isa = PBXFileReference; lastKnownFileType = sourcecode.swift; path = "Sources/CornerOrbit/Actions/CornerShortcutsRunner.swift"; sourceTree = SOURCE_ROOT; };
		0301CDC065FA5086E1707A7B = { isa = PBXBuildFile; fileRef = EC9AD3000E6D32BA25D727F1; };
		43C1837146890025E9F59E18 = { isa = PBXFileReference; lastKnownFileType = sourcecode.swift; path = "Sources/CornerOrbit/Actions/CornerWindowActions.swift"; sourceTree = SOURCE_ROOT; };
		18EF8BD9573457168D11BF2F = { isa = PBXBuildFile; fileRef = 43C1837146890025E9F59E18; };
		2132FD09C2E06841368C864E = { isa = PBXFileReference; lastKnownFileType = sourcecode.swift; path = "Sources/CornerOrbit/Actions/CornerWorkspace.swift"; sourceTree = SOURCE_ROOT; };
		D2550D1E964A7F66BE3DC9A2 = { isa = PBXBuildFile; fileRef = 2132FD09C2E06841368C864E; };
		FCB24B296A0169389AE68DC0 = { isa = PBXFileReference; lastKnownFileType = sourcecode.swift; path = "Sources/CornerOrbit/App/CornerAppStore.swift"; sourceTree = SOURCE_ROOT; };
		81C6DD96F4D13AB97F9BE5DD = { isa = PBXBuildFile; fileRef = FCB24B296A0169389AE68DC0; };
		0166DEC3CB09E63A937E1D60 = { isa = PBXFileReference; lastKnownFileType = sourcecode.swift; path = "Sources/CornerOrbit/App/CornerOrbitApp.swift"; sourceTree = SOURCE_ROOT; };
		68854FAEDF5C9B601E8072AB = { isa = PBXBuildFile; fileRef = 0166DEC3CB09E63A937E1D60; };
		F2A425E0AF24FD9CB1AD4140 = { isa = PBXFileReference; lastKnownFileType = sourcecode.swift; path = "Sources/CornerOrbit/App/CornerPreferences.swift"; sourceTree = SOURCE_ROOT; };
		1261067DFEF0DAA4B7DBBD93 = { isa = PBXBuildFile; fileRef = F2A425E0AF24FD9CB1AD4140; };
		A0782C6185F1B2D647E6A630 = { isa = PBXFileReference; lastKnownFileType = sourcecode.swift; path = "Sources/CornerOrbit/Gestures/CornerGestureMonitor.swift"; sourceTree = SOURCE_ROOT; };
		03C554BED72E2A6C2D3C2DFE = { isa = PBXBuildFile; fileRef = A0782C6185F1B2D647E6A630; };
		33C25E60820E13E9DDC8AEC1 = { isa = PBXFileReference; lastKnownFileType = sourcecode.swift; path = "Sources/CornerOrbit/Gestures/CornerHintOverlay.swift"; sourceTree = SOURCE_ROOT; };
		52BC9AD00505733C45E62D67 = { isa = PBXBuildFile; fileRef = 33C25E60820E13E9DDC8AEC1; };
		3CCF6E0328FC3C078607BCC9 = { isa = PBXFileReference; lastKnownFileType = sourcecode.swift; path = "Sources/CornerOrbit/Gestures/CornerMouseEvents.swift"; sourceTree = SOURCE_ROOT; };
		D08C6A630946675839E04360 = { isa = PBXBuildFile; fileRef = 3CCF6E0328FC3C078607BCC9; };
		EC7FC849F04C351AF2E1C868 = { isa = PBXFileReference; lastKnownFileType = sourcecode.swift; path = "Sources/CornerOrbit/Gestures/CornerNativeScreenGeometry.swift"; sourceTree = SOURCE_ROOT; };
		6EF4B2C970B646F087CB1AE4 = { isa = PBXBuildFile; fileRef = EC7FC849F04C351AF2E1C868; };
		7E3FFC83D985D38854139CDB = { isa = PBXFileReference; lastKnownFileType = sourcecode.swift; path = "Sources/CornerOrbit/History/ChromeHistoryReader.swift"; sourceTree = SOURCE_ROOT; };
		9044A01A0A6815EB3AB1ED1D = { isa = PBXBuildFile; fileRef = 7E3FFC83D985D38854139CDB; };
		D375C69A55D281BF69FC3CA1 = { isa = PBXFileReference; lastKnownFileType = sourcecode.swift; path = "Sources/CornerOrbit/History/ChromeHistoryStore.swift"; sourceTree = SOURCE_ROOT; };
		336141BB2607EE6F89A51A7E = { isa = PBXBuildFile; fileRef = D375C69A55D281BF69FC3CA1; };
		328D8542E378533AEC921843 = { isa = PBXFileReference; lastKnownFileType = sourcecode.swift; path = "Sources/CornerOrbit/History/RecentlyOpenedStore.swift"; sourceTree = SOURCE_ROOT; };
		D7B20CA4401039ECFDDC67B8 = { isa = PBXBuildFile; fileRef = 328D8542E378533AEC921843; };
		5BA56C3653577929B104BC77 = { isa = PBXFileReference; lastKnownFileType = sourcecode.swift; path = "Sources/CornerOrbit/Profiles/CornerLaunchAtLoginService.swift"; sourceTree = SOURCE_ROOT; };
		BEF8F4155CA82FE7A398B5DE = { isa = PBXBuildFile; fileRef = 5BA56C3653577929B104BC77; };
		43D1DBD1F0F017984078F5C8 = { isa = PBXFileReference; lastKnownFileType = sourcecode.swift; path = "Sources/CornerOrbit/Profiles/CornerProfileContextSource.swift"; sourceTree = SOURCE_ROOT; };
		B3F8020FC54302B8A5B6328B = { isa = PBXBuildFile; fileRef = 43D1DBD1F0F017984078F5C8; };
		411A3A3E4BDC26A5E0F8B859 = { isa = PBXFileReference; lastKnownFileType = sourcecode.swift; path = "Sources/CornerOrbit/Profiles/CornerProfileExport.swift"; sourceTree = SOURCE_ROOT; };
		0D312E7339CF116BCE6379D5 = { isa = PBXBuildFile; fileRef = 411A3A3E4BDC26A5E0F8B859; };
		E01D897E6D57172C4A06FAA4 = { isa = PBXFileReference; lastKnownFileType = sourcecode.swift; path = "Sources/CornerOrbit/Profiles/CornerProfilePersistence.swift"; sourceTree = SOURCE_ROOT; };
		61FE5419B066795865C84388 = { isa = PBXBuildFile; fileRef = E01D897E6D57172C4A06FAA4; };
		04C323375CD1126CAB0FA3CB = { isa = PBXFileReference; lastKnownFileType = sourcecode.swift; path = "Sources/CornerOrbit/Profiles/CornerProfilesStore.swift"; sourceTree = SOURCE_ROOT; };
		8C124DBFE9A1DE7B47DE5A74 = { isa = PBXBuildFile; fileRef = 04C323375CD1126CAB0FA3CB; };
		A71BD5BDDAF3D15C622B3CF7 = { isa = PBXFileReference; lastKnownFileType = sourcecode.swift; path = "Sources/CornerOrbit/Profiles/CornerTimedPauseController.swift"; sourceTree = SOURCE_ROOT; };
		26A20013D9AB8100BDFD2A9C = { isa = PBXBuildFile; fileRef = A71BD5BDDAF3D15C622B3CF7; };
		27436AF4FFB7E2F92FE25469 = { isa = PBXFileReference; lastKnownFileType = sourcecode.swift; path = "Sources/CornerOrbit/Settings/CornerBehaviorView.swift"; sourceTree = SOURCE_ROOT; };
		C9E64FF8EA61AEF020FFEF6F = { isa = PBXBuildFile; fileRef = 27436AF4FFB7E2F92FE25469; };
		7EE96084D0E1D7B154152F91 = { isa = PBXFileReference; lastKnownFileType = sourcecode.swift; path = "Sources/CornerOrbit/Settings/CornerBindingEditorView.swift"; sourceTree = SOURCE_ROOT; };
		BBFF81C96840C612FEBA312E = { isa = PBXBuildFile; fileRef = 7EE96084D0E1D7B154152F91; };
		5FA320F924B3176584E63BC6 = { isa = PBXFileReference; lastKnownFileType = sourcecode.swift; path = "Sources/CornerOrbit/Settings/CornerClipboardView.swift"; sourceTree = SOURCE_ROOT; };
		8833B9933A02A9F10B6755FC = { isa = PBXBuildFile; fileRef = 5FA320F924B3176584E63BC6; };
		DC486E9DB9D04E8FE4D8C06F = { isa = PBXFileReference; lastKnownFileType = sourcecode.swift; path = "Sources/CornerOrbit/Settings/CornerGestureOptionsView.swift"; sourceTree = SOURCE_ROOT; };
		F267A173BF0257EC8F943922 = { isa = PBXBuildFile; fileRef = DC486E9DB9D04E8FE4D8C06F; };
		4E3C32102A54A44AA005F9EA = { isa = PBXFileReference; lastKnownFileType = sourcecode.swift; path = "Sources/CornerOrbit/Settings/CornerLinksView.swift"; sourceTree = SOURCE_ROOT; };
		EE63A239BA79E210E8222CB0 = { isa = PBXBuildFile; fileRef = 4E3C32102A54A44AA005F9EA; };
		837F07111F52B3A65FA1276A = { isa = PBXFileReference; lastKnownFileType = sourcecode.swift; path = "Sources/CornerOrbit/Settings/CornerProfilesView.swift"; sourceTree = SOURCE_ROOT; };
		0EA99DC37D91E67B41E66B47 = { isa = PBXBuildFile; fileRef = 837F07111F52B3A65FA1276A; };
		3CA7AEC35DE9D084E39F9D48 = { isa = PBXFileReference; lastKnownFileType = sourcecode.swift; path = "Sources/CornerOrbit/Settings/CornerSettingsView.swift"; sourceTree = SOURCE_ROOT; };
		31968AB8313D21E14221EC08 = { isa = PBXBuildFile; fileRef = 3CA7AEC35DE9D084E39F9D48; };
		EAED8F87B0F0691E18A36558 = { isa = PBXFileReference; lastKnownFileType = sourcecode.swift; path = "Sources/CornerOrbit/Settings/CornerWebsitesSettingsView.swift"; sourceTree = SOURCE_ROOT; };
		A0B8D955B882A91C3F3CB416 = { isa = PBXBuildFile; fileRef = EAED8F87B0F0691E18A36558; };
		06AC5A6AAA02E182ACF9EF99 = { isa = PBXFileReference; lastKnownFileType = sourcecode.swift; path = "Sources/CornerOrbit/Tools/Clipboard/CornerClipboardStore.swift"; sourceTree = SOURCE_ROOT; };
		83D9225100F1265A8B471DA5 = { isa = PBXBuildFile; fileRef = 06AC5A6AAA02E182ACF9EF99; };
		885AEF4DD3C941438FF4F009 = { isa = PBXFileReference; lastKnownFileType = sourcecode.swift; path = "Sources/CornerOrbit/Tools/Links/CornerLinkStore.swift"; sourceTree = SOURCE_ROOT; };
		22F53A456C31A16FAA2F6684 = { isa = PBXBuildFile; fileRef = 885AEF4DD3C941438FF4F009; };
		276125ABD140F9207246683D = { isa = PBXFileReference; lastKnownFileType = sourcecode.swift; path = "Tests/CornerOrbitTests/CornerActionTests.swift"; sourceTree = SOURCE_ROOT; };
		071E6382F3218CCE9D5AE86D = { isa = PBXBuildFile; fileRef = 276125ABD140F9207246683D; };
		D5E2A769ED8AADC11E44CC3F = { isa = PBXFileReference; lastKnownFileType = sourcecode.swift; path = "Tests/CornerOrbitTests/CornerAppStoreTests.swift"; sourceTree = SOURCE_ROOT; };
		994CF38BFEB0FB48074A973E = { isa = PBXBuildFile; fileRef = D5E2A769ED8AADC11E44CC3F; };
		0424F04630EC024584A6B976 = { isa = PBXFileReference; lastKnownFileType = sourcecode.swift; path = "Tests/CornerOrbitTests/CornerClipboardLinksTests.swift"; sourceTree = SOURCE_ROOT; };
		BBB070FF2347B7D0FC40A37D = { isa = PBXBuildFile; fileRef = 0424F04630EC024584A6B976; };
		35479CD2F91E6A107220092F = { isa = PBXFileReference; lastKnownFileType = sourcecode.swift; path = "Tests/CornerOrbitTests/CornerEvaluationTests.swift"; sourceTree = SOURCE_ROOT; };
		CA6E13522B31F7400D584905 = { isa = PBXBuildFile; fileRef = 35479CD2F91E6A107220092F; };
		B063D4AF81F726C29284539C = { isa = PBXFileReference; lastKnownFileType = sourcecode.swift; path = "Tests/CornerOrbitTests/CornerExpansionEvaluationTests.swift"; sourceTree = SOURCE_ROOT; };
		731BE05624865F98E5040EA5 = { isa = PBXBuildFile; fileRef = B063D4AF81F726C29284539C; };
		4717F44CC73C266EBD2CECC6 = { isa = PBXFileReference; lastKnownFileType = sourcecode.swift; path = "Tests/CornerOrbitTests/CornerGestureNativeTests.swift"; sourceTree = SOURCE_ROOT; };
		0B783A509B0D958E6F38A47D = { isa = PBXBuildFile; fileRef = 4717F44CC73C266EBD2CECC6; };
		497223E43742602D9C2B8895 = { isa = PBXFileReference; lastKnownFileType = sourcecode.swift; path = "Tests/CornerOrbitTests/CornerHistoryTests.swift"; sourceTree = SOURCE_ROOT; };
		611E74AFC6115EB3E2A7FA3D = { isa = PBXBuildFile; fileRef = 497223E43742602D9C2B8895; };
		2AF9F156D1A982F37F35704F = { isa = PBXFileReference; lastKnownFileType = sourcecode.swift; path = "Tests/CornerOrbitTests/CornerProfilesNativeTests.swift"; sourceTree = SOURCE_ROOT; };
		177348E0DC76E2EC27155BD9 = { isa = PBXBuildFile; fileRef = 2AF9F156D1A982F37F35704F; };
		A3A14450CA2620C44040CBD8 = { isa = PBXFileReference; lastKnownFileType = sourcecode.swift; path = "Tests/CornerOrbitTests/CornerWindowActionTests.swift"; sourceTree = SOURCE_ROOT; };
		084EE9F409A7C277097AE78D = { isa = PBXBuildFile; fileRef = A3A14450CA2620C44040CBD8; };
		37C90C3F6F085DCC5C929EA3 = { isa = PBXFileReference; lastKnownFileType = image.icns; path = "build/AppIcon.icns"; sourceTree = SOURCE_ROOT; };
		C649F61989D32664AA86E8D3 = { isa = PBXBuildFile; fileRef = 37C90C3F6F085DCC5C929EA3; };
		5F14BE21773020F7EEFFD298 = { isa = PBXFileReference; explicitFileType = archive.ar; includeInIndex = 0; path = libCornerCore.a; sourceTree = BUILT_PRODUCTS_DIR; };
		14EE0D9DB0DE862C14882BF6 = { isa = PBXFileReference; explicitFileType = wrapper.application; includeInIndex = 0; path = CornerOrbit.app; sourceTree = BUILT_PRODUCTS_DIR; };
		2997F9992B2921DB5F6780FF = { isa = PBXFileReference; explicitFileType = wrapper.cfbundle; includeInIndex = 0; path = CornerOrbitTests.xctest; sourceTree = BUILT_PRODUCTS_DIR; };
		00C45FD35CB0F9C5F764F070 = { isa = PBXGroup; children = (5F14BE21773020F7EEFFD298, 14EE0D9DB0DE862C14882BF6, 2997F9992B2921DB5F6780FF); name = Products; sourceTree = "<group>"; };
		ADCF10F76EBF2A74473E9DC4 = { isa = PBXGroup; children = (E8825336F8E2C5680519B84F, 3D50102FE2C0E7EE0FCDCD89, E3FD7E62F76587399E3867AD, 55DB87C3F55B8B94E3CCBE17, FEF595EC98DFA17BDDC4A6A9, 91685ABA64120AEEECB9175E, 1BA770CD4A3D4C12E88534C0, F2E691BE27E97B37B2A6521F, ADDB4D08CF4640646374354B, 7F30667166BBCD1D88DF4CBD, A800301962C26AD9F6239EF8, 131313B9902814B487400277, 82824322B7512D0A3DFD97AE, EC9AD3000E6D32BA25D727F1, 43C1837146890025E9F59E18, 2132FD09C2E06841368C864E, FCB24B296A0169389AE68DC0, 0166DEC3CB09E63A937E1D60, F2A425E0AF24FD9CB1AD4140, A0782C6185F1B2D647E6A630, 33C25E60820E13E9DDC8AEC1, 3CCF6E0328FC3C078607BCC9, EC7FC849F04C351AF2E1C868, 7E3FFC83D985D38854139CDB, D375C69A55D281BF69FC3CA1, 328D8542E378533AEC921843, 5BA56C3653577929B104BC77, 43D1DBD1F0F017984078F5C8, 411A3A3E4BDC26A5E0F8B859, E01D897E6D57172C4A06FAA4, 04C323375CD1126CAB0FA3CB, A71BD5BDDAF3D15C622B3CF7, 27436AF4FFB7E2F92FE25469, 7EE96084D0E1D7B154152F91, 5FA320F924B3176584E63BC6, DC486E9DB9D04E8FE4D8C06F, 4E3C32102A54A44AA005F9EA, 837F07111F52B3A65FA1276A, 3CA7AEC35DE9D084E39F9D48, EAED8F87B0F0691E18A36558, 06AC5A6AAA02E182ACF9EF99, 885AEF4DD3C941438FF4F009, 276125ABD140F9207246683D, D5E2A769ED8AADC11E44CC3F, 0424F04630EC024584A6B976, 35479CD2F91E6A107220092F, B063D4AF81F726C29284539C, 4717F44CC73C266EBD2CECC6, 497223E43742602D9C2B8895, 2AF9F156D1A982F37F35704F, A3A14450CA2620C44040CBD8, 37C90C3F6F085DCC5C929EA3, 00C45FD35CB0F9C5F764F070); sourceTree = "<group>"; };
		B09F783C81D2F7BEA256B152 = { isa = PBXSourcesBuildPhase; buildActionMask = 2147483647; files = (EA24C0A15FDDE6B9098DCE53, 535EDAB2E755A8319994A318, FF8FCAD78E7E8BF4A7382729, 0354C59B16FD1CC6B0FCBD68, 3C5753E7187086536EB214C3, 1CF1108076F6BB4081A19781, 2D6AFF908CE513158B600107, F031922DE18F1A4CDCC510AD, EE48CC02C039E414D7709B42, 2E0BF710174D585812C5EF59); runOnlyForDeploymentPostprocessing = 0; };
		635D8ECFDFB704C3F90E80C4 = { isa = PBXFrameworksBuildPhase; buildActionMask = 2147483647; files = (); runOnlyForDeploymentPostprocessing = 0; };
		35BCFB5B9E9F4866B684FBD2 = { isa = PBXResourcesBuildPhase; buildActionMask = 2147483647; files = (); runOnlyForDeploymentPostprocessing = 0; };
		58108405EC27DD06CF28A95C = { isa = PBXNativeTarget; buildConfigurationList = 88AED95C216314FC7B6C5C9E; buildPhases = (B09F783C81D2F7BEA256B152, 635D8ECFDFB704C3F90E80C4, 35BCFB5B9E9F4866B684FBD2); buildRules = (); dependencies = (); name = CornerCore; productName = CornerCore; productReference = 5F14BE21773020F7EEFFD298; productType = "com.apple.product-type.library.static"; };
		8E34198A07F78D07138D6E41 = { isa = PBXContainerItemProxy; containerPortal = 98F54143AB4E86B28C3AFEE0; proxyType = 1; remoteGlobalIDString = 58108405EC27DD06CF28A95C; remoteInfo = CornerCore; };
		1C24F7488C5349EC1D359B21 = { isa = PBXTargetDependency; target = 58108405EC27DD06CF28A95C; targetProxy = 8E34198A07F78D07138D6E41; };
		6A65C94F83562D25AF1423F0 = { isa = PBXSourcesBuildPhase; buildActionMask = 2147483647; files = (7B5110B321E4134BE2709F20, ED3D8F29F0532F8524B6E1CF, FF910E17982FF6B543AB1AD6, 0301CDC065FA5086E1707A7B, 18EF8BD9573457168D11BF2F, D2550D1E964A7F66BE3DC9A2, 81C6DD96F4D13AB97F9BE5DD, 68854FAEDF5C9B601E8072AB, 1261067DFEF0DAA4B7DBBD93, 03C554BED72E2A6C2D3C2DFE, 52BC9AD00505733C45E62D67, D08C6A630946675839E04360, 6EF4B2C970B646F087CB1AE4, 9044A01A0A6815EB3AB1ED1D, 336141BB2607EE6F89A51A7E, D7B20CA4401039ECFDDC67B8, BEF8F4155CA82FE7A398B5DE, B3F8020FC54302B8A5B6328B, 0D312E7339CF116BCE6379D5, 61FE5419B066795865C84388, 8C124DBFE9A1DE7B47DE5A74, 26A20013D9AB8100BDFD2A9C, C9E64FF8EA61AEF020FFEF6F, BBFF81C96840C612FEBA312E, 8833B9933A02A9F10B6755FC, F267A173BF0257EC8F943922, EE63A239BA79E210E8222CB0, 0EA99DC37D91E67B41E66B47, 31968AB8313D21E14221EC08, A0B8D955B882A91C3F3CB416, 83D9225100F1265A8B471DA5, 22F53A456C31A16FAA2F6684); runOnlyForDeploymentPostprocessing = 0; };
		930999DC814AFE06553D0680 = { isa = PBXBuildFile; fileRef = 5F14BE21773020F7EEFFD298; };
		589845B034EE12B04DA41675 = { isa = PBXFrameworksBuildPhase; buildActionMask = 2147483647; files = (930999DC814AFE06553D0680); runOnlyForDeploymentPostprocessing = 0; };
		9B0176DD0D965A8A18BD0878 = { isa = PBXResourcesBuildPhase; buildActionMask = 2147483647; files = (C649F61989D32664AA86E8D3); runOnlyForDeploymentPostprocessing = 0; };
		F6A5EDA2DE2A40D0D372058A = { isa = PBXNativeTarget; buildConfigurationList = 9802110404A824C395295A5B; buildPhases = (6A65C94F83562D25AF1423F0, 589845B034EE12B04DA41675, 9B0176DD0D965A8A18BD0878); buildRules = (); dependencies = (1C24F7488C5349EC1D359B21); name = CornerOrbit; productName = CornerOrbit; productReference = 14EE0D9DB0DE862C14882BF6; productType = "com.apple.product-type.application"; };
		2656975F1A4904CEF3F0AEB1 = { isa = PBXContainerItemProxy; containerPortal = 98F54143AB4E86B28C3AFEE0; proxyType = 1; remoteGlobalIDString = 58108405EC27DD06CF28A95C; remoteInfo = CornerCore; };
		97AF8AACAAE49C0719AC9F8B = { isa = PBXTargetDependency; target = 58108405EC27DD06CF28A95C; targetProxy = 2656975F1A4904CEF3F0AEB1; };
		28CF4F5484CED71691DEE60B = { isa = PBXContainerItemProxy; containerPortal = 98F54143AB4E86B28C3AFEE0; proxyType = 1; remoteGlobalIDString = F6A5EDA2DE2A40D0D372058A; remoteInfo = CornerOrbit; };
		5A6EE90B7366A6EC8CF5E225 = { isa = PBXTargetDependency; target = F6A5EDA2DE2A40D0D372058A; targetProxy = 28CF4F5484CED71691DEE60B; };
		A1898231D0632703389B9F4D = { isa = PBXSourcesBuildPhase; buildActionMask = 2147483647; files = (071E6382F3218CCE9D5AE86D, 994CF38BFEB0FB48074A973E, BBB070FF2347B7D0FC40A37D, CA6E13522B31F7400D584905, 731BE05624865F98E5040EA5, 0B783A509B0D958E6F38A47D, 611E74AFC6115EB3E2A7FA3D, 177348E0DC76E2EC27155BD9, 084EE9F409A7C277097AE78D); runOnlyForDeploymentPostprocessing = 0; };
		0661605B0CF540FA98E67793 = { isa = PBXBuildFile; fileRef = 5F14BE21773020F7EEFFD298; };
		79C8006255BD7F5925BE534A = { isa = PBXFrameworksBuildPhase; buildActionMask = 2147483647; files = (0661605B0CF540FA98E67793); runOnlyForDeploymentPostprocessing = 0; };
		9F15DDE375502993FA6105BF = { isa = PBXResourcesBuildPhase; buildActionMask = 2147483647; files = (); runOnlyForDeploymentPostprocessing = 0; };
		40E0268F81A1A0E60FEDB070 = { isa = PBXNativeTarget; buildConfigurationList = 1194CFCD9ABC39B7DC1E4811; buildPhases = (A1898231D0632703389B9F4D, 79C8006255BD7F5925BE534A, 9F15DDE375502993FA6105BF); buildRules = (); dependencies = (97AF8AACAAE49C0719AC9F8B, 5A6EE90B7366A6EC8CF5E225); name = CornerOrbitTests; productName = CornerOrbitTests; productReference = 2997F9992B2921DB5F6780FF; productType = "com.apple.product-type.bundle.unit-test"; };
		877A6BA951A2EA0025A2ABE8 = { isa = XCBuildConfiguration; buildSettings = { CLANG_ENABLE_MODULES = "YES"; CODE_SIGNING_ALLOWED = "NO"; DEBUG_INFORMATION_FORMAT = "dwarf"; MACOSX_DEPLOYMENT_TARGET = "14.0"; ONLY_ACTIVE_ARCH = "YES"; SDKROOT = "macosx"; SUPPORTED_PLATFORMS = "macosx"; SWIFT_ACTIVE_COMPILATION_CONDITIONS = "DEBUG"; SWIFT_OPTIMIZATION_LEVEL = "-Onone"; SWIFT_STRICT_CONCURRENCY = "complete"; SWIFT_VERSION = "6.0"; }; name = Debug; };
		959134B361DD7E21ADEA3164 = { isa = XCBuildConfiguration; buildSettings = { ARCHS = "arm64 x86_64"; CLANG_ENABLE_MODULES = "YES"; CODE_SIGNING_ALLOWED = "NO"; DEBUG_INFORMATION_FORMAT = "dwarf-with-dsym"; MACOSX_DEPLOYMENT_TARGET = "14.0"; ONLY_ACTIVE_ARCH = "NO"; SDKROOT = "macosx"; SUPPORTED_PLATFORMS = "macosx"; SWIFT_ACTIVE_COMPILATION_CONDITIONS = ""; SWIFT_OPTIMIZATION_LEVEL = "-O"; SWIFT_STRICT_CONCURRENCY = "complete"; SWIFT_VERSION = "6.0"; }; name = Release; };
		247BF104A9AD002C539DA531 = { isa = XCConfigurationList; buildConfigurations = (877A6BA951A2EA0025A2ABE8, 959134B361DD7E21ADEA3164); defaultConfigurationIsVisible = 0; defaultConfigurationName = Release; };
		7EB8271C0C25C60EA2BB99D2 = { isa = XCBuildConfiguration; buildSettings = { CLANG_ENABLE_MODULES = "YES"; CODE_SIGNING_ALLOWED = "NO"; DEBUG_INFORMATION_FORMAT = "dwarf"; DEFINES_MODULE = "YES"; ENABLE_TESTABILITY = "YES"; MACH_O_TYPE = "staticlib"; MACOSX_DEPLOYMENT_TARGET = "14.0"; ONLY_ACTIVE_ARCH = "YES"; PRODUCT_MODULE_NAME = "CornerCore"; PRODUCT_NAME = "$(TARGET_NAME)"; SDKROOT = "macosx"; SKIP_INSTALL = "YES"; SUPPORTED_PLATFORMS = "macosx"; SWIFT_ACTIVE_COMPILATION_CONDITIONS = "DEBUG"; SWIFT_INCLUDE_PATHS = "$(inherited) $(BUILT_PRODUCTS_DIR)"; SWIFT_INSTALL_OBJC_HEADER = "NO"; SWIFT_OPTIMIZATION_LEVEL = "-Onone"; SWIFT_STRICT_CONCURRENCY = "complete"; SWIFT_VERSION = "6.0"; }; name = Debug; };
		9A4F64C64864669F8B3DF241 = { isa = XCBuildConfiguration; buildSettings = { ARCHS = "arm64 x86_64"; CLANG_ENABLE_MODULES = "YES"; CODE_SIGNING_ALLOWED = "NO"; DEBUG_INFORMATION_FORMAT = "dwarf-with-dsym"; DEFINES_MODULE = "YES"; ENABLE_TESTABILITY = "YES"; MACH_O_TYPE = "staticlib"; MACOSX_DEPLOYMENT_TARGET = "14.0"; ONLY_ACTIVE_ARCH = "NO"; PRODUCT_MODULE_NAME = "CornerCore"; PRODUCT_NAME = "$(TARGET_NAME)"; SDKROOT = "macosx"; SKIP_INSTALL = "YES"; SUPPORTED_PLATFORMS = "macosx"; SWIFT_ACTIVE_COMPILATION_CONDITIONS = ""; SWIFT_INCLUDE_PATHS = "$(inherited) $(BUILT_PRODUCTS_DIR)"; SWIFT_INSTALL_OBJC_HEADER = "NO"; SWIFT_OPTIMIZATION_LEVEL = "-O"; SWIFT_STRICT_CONCURRENCY = "complete"; SWIFT_VERSION = "6.0"; }; name = Release; };
		88AED95C216314FC7B6C5C9E = { isa = XCConfigurationList; buildConfigurations = (7EB8271C0C25C60EA2BB99D2, 9A4F64C64864669F8B3DF241); defaultConfigurationIsVisible = 0; defaultConfigurationName = Release; };
		6C2F32AFA24D20F1E5046EFC = { isa = XCBuildConfiguration; buildSettings = { CLANG_ENABLE_MODULES = "YES"; CODE_SIGNING_ALLOWED = "NO"; DEBUG_INFORMATION_FORMAT = "dwarf"; ENABLE_TESTABILITY = "YES"; INFOPLIST_FILE = "Resources/Info.plist"; LD_RUNPATH_SEARCH_PATHS = "$(inherited) @executable_path/../Frameworks"; MACOSX_DEPLOYMENT_TARGET = "14.0"; ONLY_ACTIVE_ARCH = "YES"; OTHER_LDFLAGS = "$(inherited) -lsqlite3"; PRODUCT_BUNDLE_IDENTIFIER = "com.sknitd.CornerOrbit"; PRODUCT_MODULE_NAME = "CornerOrbit"; PRODUCT_NAME = "$(TARGET_NAME)"; SDKROOT = "macosx"; SUPPORTED_PLATFORMS = "macosx"; SWIFT_ACTIVE_COMPILATION_CONDITIONS = "DEBUG"; SWIFT_INCLUDE_PATHS = "$(inherited) $(BUILT_PRODUCTS_DIR)"; SWIFT_OPTIMIZATION_LEVEL = "-Onone"; SWIFT_STRICT_CONCURRENCY = "complete"; SWIFT_VERSION = "6.0"; }; name = Debug; };
		033F0033320F00D0F49C0DCA = { isa = XCBuildConfiguration; buildSettings = { ARCHS = "arm64 x86_64"; CLANG_ENABLE_MODULES = "YES"; CODE_SIGNING_ALLOWED = "NO"; DEBUG_INFORMATION_FORMAT = "dwarf-with-dsym"; ENABLE_TESTABILITY = "YES"; INFOPLIST_FILE = "Resources/Info.plist"; LD_RUNPATH_SEARCH_PATHS = "$(inherited) @executable_path/../Frameworks"; MACOSX_DEPLOYMENT_TARGET = "14.0"; ONLY_ACTIVE_ARCH = "NO"; OTHER_LDFLAGS = "$(inherited) -lsqlite3"; PRODUCT_BUNDLE_IDENTIFIER = "com.sknitd.CornerOrbit"; PRODUCT_MODULE_NAME = "CornerOrbit"; PRODUCT_NAME = "$(TARGET_NAME)"; SDKROOT = "macosx"; SUPPORTED_PLATFORMS = "macosx"; SWIFT_ACTIVE_COMPILATION_CONDITIONS = ""; SWIFT_INCLUDE_PATHS = "$(inherited) $(BUILT_PRODUCTS_DIR)"; SWIFT_OPTIMIZATION_LEVEL = "-O"; SWIFT_STRICT_CONCURRENCY = "complete"; SWIFT_VERSION = "6.0"; }; name = Release; };
		9802110404A824C395295A5B = { isa = XCConfigurationList; buildConfigurations = (6C2F32AFA24D20F1E5046EFC, 033F0033320F00D0F49C0DCA); defaultConfigurationIsVisible = 0; defaultConfigurationName = Release; };
		2FE79ABA80FB9B26C33191B5 = { isa = XCBuildConfiguration; buildSettings = { BUNDLE_LOADER = "$(TEST_HOST)"; CLANG_ENABLE_MODULES = "YES"; CODE_SIGNING_ALLOWED = "NO"; DEBUG_INFORMATION_FORMAT = "dwarf"; ENABLE_TESTABILITY = "YES"; GENERATE_INFOPLIST_FILE = "YES"; LD_RUNPATH_SEARCH_PATHS = "$(inherited) @executable_path/../Frameworks @loader_path/../Frameworks"; MACOSX_DEPLOYMENT_TARGET = "14.0"; ONLY_ACTIVE_ARCH = "YES"; OTHER_LDFLAGS = "$(inherited) -lsqlite3"; PRODUCT_BUNDLE_IDENTIFIER = "com.sknitd.CornerOrbitTests"; PRODUCT_MODULE_NAME = "CornerOrbitTests"; PRODUCT_NAME = "$(TARGET_NAME)"; SDKROOT = "macosx"; SUPPORTED_PLATFORMS = "macosx"; SWIFT_ACTIVE_COMPILATION_CONDITIONS = "DEBUG"; SWIFT_INCLUDE_PATHS = "$(inherited) $(BUILT_PRODUCTS_DIR)"; SWIFT_OPTIMIZATION_LEVEL = "-Onone"; SWIFT_STRICT_CONCURRENCY = "complete"; SWIFT_VERSION = "6.0"; TEST_HOST = "$(BUILT_PRODUCTS_DIR)/CornerOrbit.app/Contents/MacOS/CornerOrbit"; }; name = Debug; };
		5D0965FCDAC5ECD307F6330E = { isa = XCBuildConfiguration; buildSettings = { ARCHS = "arm64 x86_64"; BUNDLE_LOADER = "$(TEST_HOST)"; CLANG_ENABLE_MODULES = "YES"; CODE_SIGNING_ALLOWED = "NO"; DEBUG_INFORMATION_FORMAT = "dwarf-with-dsym"; ENABLE_TESTABILITY = "YES"; GENERATE_INFOPLIST_FILE = "YES"; LD_RUNPATH_SEARCH_PATHS = "$(inherited) @executable_path/../Frameworks @loader_path/../Frameworks"; MACOSX_DEPLOYMENT_TARGET = "14.0"; ONLY_ACTIVE_ARCH = "NO"; OTHER_LDFLAGS = "$(inherited) -lsqlite3"; PRODUCT_BUNDLE_IDENTIFIER = "com.sknitd.CornerOrbitTests"; PRODUCT_MODULE_NAME = "CornerOrbitTests"; PRODUCT_NAME = "$(TARGET_NAME)"; SDKROOT = "macosx"; SUPPORTED_PLATFORMS = "macosx"; SWIFT_ACTIVE_COMPILATION_CONDITIONS = ""; SWIFT_INCLUDE_PATHS = "$(inherited) $(BUILT_PRODUCTS_DIR)"; SWIFT_OPTIMIZATION_LEVEL = "-O"; SWIFT_STRICT_CONCURRENCY = "complete"; SWIFT_VERSION = "6.0"; TEST_HOST = "$(BUILT_PRODUCTS_DIR)/CornerOrbit.app/Contents/MacOS/CornerOrbit"; }; name = Release; };
		1194CFCD9ABC39B7DC1E4811 = { isa = XCConfigurationList; buildConfigurations = (2FE79ABA80FB9B26C33191B5, 5D0965FCDAC5ECD307F6330E); defaultConfigurationIsVisible = 0; defaultConfigurationName = Release; };
		98F54143AB4E86B28C3AFEE0 = { isa = PBXProject; attributes = { LastUpgradeCheck = 1600; }; buildConfigurationList = 247BF104A9AD002C539DA531; compatibilityVersion = "Xcode 14.0"; developmentRegion = en; hasScannedForEncodings = 0; knownRegions = (en, Base); mainGroup = ADCF10F76EBF2A74473E9DC4; productRefGroup = 00C45FD35CB0F9C5F764F070; projectDirPath = ""; projectRoot = ""; targets = (58108405EC27DD06CF28A95C, F6A5EDA2DE2A40D0D372058A, 40E0268F81A1A0E60FEDB070); };
	};
	rootObject = 98F54143AB4E86B28C3AFEE0;
}
