// !$*UTF8*$!
{
	archiveVersion = 1;
	classes = {};
	objectVersion = 56;
	objects = {
		E269F90F4D28FB285649D1A7 = { isa = PBXFileReference; lastKnownFileType = sourcecode.swift; path = "../Sources/OrbitCore/ActionResolver.swift"; sourceTree = SOURCE_ROOT; };
		B7AA8FB2C3B33B9961CA9348 = { isa = PBXBuildFile; fileRef = E269F90F4D28FB285649D1A7; };
		01C2655AAF979CB8FBDFF827 = { isa = PBXFileReference; lastKnownFileType = sourcecode.swift; path = "../Sources/OrbitCore/DropPayloadValidator.swift"; sourceTree = SOURCE_ROOT; };
		999C8125DB364028A26C5D0B = { isa = PBXBuildFile; fileRef = 01C2655AAF979CB8FBDFF827; };
		D6C404539223D5B490203F39 = { isa = PBXFileReference; lastKnownFileType = sourcecode.swift; path = "../Sources/OrbitCore/Models.swift"; sourceTree = SOURCE_ROOT; };
		41C6AE6F92ECCD0F68685577 = { isa = PBXBuildFile; fileRef = D6C404539223D5B490203F39; };
		43CCD1C422ADB2EBADE50799 = { isa = PBXFileReference; lastKnownFileType = sourcecode.swift; path = "../Sources/OrbitCore/RadialGeometry.swift"; sourceTree = SOURCE_ROOT; };
		7D18FC172032FB55C8814A2A = { isa = PBXBuildFile; fileRef = 43CCD1C422ADB2EBADE50799; };
		CA0D4C87BE3A75DB1F78C86D = { isa = PBXFileReference; lastKnownFileType = sourcecode.swift; path = "../Sources/OrbitCore/ZIPInspector.swift"; sourceTree = SOURCE_ROOT; };
		2F019E7E59D458DED5A26727 = { isa = PBXBuildFile; fileRef = CA0D4C87BE3A75DB1F78C86D; };
		C0EBDEBDAE42F51CC2F9C530 = { isa = PBXFileReference; lastKnownFileType = sourcecode.swift; path = "Sources/NotchCore/CoreAppearancePreferences.swift"; sourceTree = SOURCE_ROOT; };
		CF06E771F0021B732C72C7E0 = { isa = PBXBuildFile; fileRef = C0EBDEBDAE42F51CC2F9C530; };
		ADF1F49ED0A07D7BD678C573 = { isa = PBXFileReference; lastKnownFileType = sourcecode.swift; path = "Sources/NotchCore/CoreCapture.swift"; sourceTree = SOURCE_ROOT; };
		7E9523822098CA31D1BBBE22 = { isa = PBXBuildFile; fileRef = ADF1F49ED0A07D7BD678C573; };
		7375146AA9089A9E0FB9CBF2 = { isa = PBXFileReference; lastKnownFileType = sourcecode.swift; path = "Sources/NotchCore/CoreColorPalette.swift"; sourceTree = SOURCE_ROOT; };
		ED4B72AB18E261CD9A4BBFB9 = { isa = PBXBuildFile; fileRef = 7375146AA9089A9E0FB9CBF2; };
		113B9138D9F09BB7C2C1BFD2 = { isa = PBXFileReference; lastKnownFileType = sourcecode.swift; path = "Sources/NotchCore/CoreLRCLyrics.swift"; sourceTree = SOURCE_ROOT; };
		C510EFB560E39A7DF9CEBC08 = { isa = PBXBuildFile; fileRef = 113B9138D9F09BB7C2C1BFD2; };
		DD1F399F2794713DC679CC7C = { isa = PBXFileReference; lastKnownFileType = sourcecode.swift; path = "Sources/NotchCore/CoreLauncherPins.swift"; sourceTree = SOURCE_ROOT; };
		67B7ABDF66F5116B39968E79 = { isa = PBXBuildFile; fileRef = DD1F399F2794713DC679CC7C; };
		1ABB8B6080E760062575E832 = { isa = PBXFileReference; lastKnownFileType = sourcecode.swift; path = "Sources/NotchCore/CoreSystemMedia.swift"; sourceTree = SOURCE_ROOT; };
		E9A1EA132D80B41E816D247B = { isa = PBXBuildFile; fileRef = 1ABB8B6080E760062575E832; };
		9F64BE1E0C05EE7EB4B6D522 = { isa = PBXFileReference; lastKnownFileType = sourcecode.swift; path = "Sources/NotchCore/CoreUpdate.swift"; sourceTree = SOURCE_ROOT; };
		39DF5CEBE06B701FC392262F = { isa = PBXBuildFile; fileRef = 9F64BE1E0C05EE7EB4B6D522; };
		A3200FEE3F97718BA45A5827 = { isa = PBXFileReference; lastKnownFileType = sourcecode.swift; path = "Sources/NotchCore/CurrencyConversion.swift"; sourceTree = SOURCE_ROOT; };
		276377085EF2038FC340AE4B = { isa = PBXBuildFile; fileRef = A3200FEE3F97718BA45A5827; };
		E3532D3102F536ABE50D7131 = { isa = PBXFileReference; lastKnownFileType = sourcecode.swift; path = "Sources/NotchCore/DashboardBehavior.swift"; sourceTree = SOURCE_ROOT; };
		A395A3A8437A177DCDFB22EF = { isa = PBXBuildFile; fileRef = E3532D3102F536ABE50D7131; };
		499AC36580B9F05012D6452B = { isa = PBXFileReference; lastKnownFileType = sourcecode.swift; path = "Sources/NotchCore/FocusHistory.swift"; sourceTree = SOURCE_ROOT; };
		3E3C6EDA8B68F5240B3FD0F0 = { isa = PBXBuildFile; fileRef = 499AC36580B9F05012D6452B; };
		E36A51F8664F3D0411947F38 = { isa = PBXFileReference; lastKnownFileType = sourcecode.swift; path = "Sources/NotchCore/FocusTimer.swift"; sourceTree = SOURCE_ROOT; };
		9AF4AB616C25BFCE631A0F6E = { isa = PBXBuildFile; fileRef = E36A51F8664F3D0411947F38; };
		3324A02E2C19E8B06970D9A0 = { isa = PBXFileReference; lastKnownFileType = sourcecode.swift; path = "Sources/NotchCore/GithubActionsData.swift"; sourceTree = SOURCE_ROOT; };
		BE1625748866E64DEB813D60 = { isa = PBXBuildFile; fileRef = 3324A02E2C19E8B06970D9A0; };
		E52FD7D530F46C4E77BD1F4F = { isa = PBXFileReference; lastKnownFileType = sourcecode.swift; path = "Sources/NotchCore/LiveNotchStatus.swift"; sourceTree = SOURCE_ROOT; };
		4E40FEB22BCEC93518A956F7 = { isa = PBXBuildFile; fileRef = E52FD7D530F46C4E77BD1F4F; };
		4EDA6E6918D5D5DE18BBFB81 = { isa = PBXFileReference; lastKnownFileType = sourcecode.swift; path = "Sources/NotchCore/MeetingPlanner.swift"; sourceTree = SOURCE_ROOT; };
		104664F86FF7157AFDBBC85D = { isa = PBXBuildFile; fileRef = 4EDA6E6918D5D5DE18BBFB81; };
		EC5C01FBD043EE12C54C7199 = { isa = PBXFileReference; lastKnownFileType = sourcecode.swift; path = "Sources/NotchCore/NotchActivation.swift"; sourceTree = SOURCE_ROOT; };
		B214B3928BAEA4A2B1B6130E = { isa = PBXBuildFile; fileRef = EC5C01FBD043EE12C54C7199; };
		93BD198D574BF31CF63B7EAD = { isa = PBXFileReference; lastKnownFileType = sourcecode.swift; path = "Sources/NotchCore/NotchGeometry.swift"; sourceTree = SOURCE_ROOT; };
		386EE9145653A9B217093FCE = { isa = PBXBuildFile; fileRef = 93BD198D574BF31CF63B7EAD; };
		B1A7F7F5C1734BDB9991F6A1 = { isa = PBXFileReference; lastKnownFileType = sourcecode.swift; path = "Sources/NotchCore/OnlineCodexQuota.swift"; sourceTree = SOURCE_ROOT; };
		0713A68652F8866C074381DC = { isa = PBXBuildFile; fileRef = B1A7F7F5C1734BDB9991F6A1; };
		3B7781659FDCB62FDC293B9B = { isa = PBXFileReference; lastKnownFileType = sourcecode.swift; path = "Sources/NotchCore/OnlineFXRates.swift"; sourceTree = SOURCE_ROOT; };
		2DC09059DA20A4661FD4D6DF = { isa = PBXBuildFile; fileRef = 3B7781659FDCB62FDC293B9B; };
		EB9FD608395FA950052DD57C = { isa = PBXFileReference; lastKnownFileType = sourcecode.swift; path = "Sources/NotchCore/OnlineServiceData.swift"; sourceTree = SOURCE_ROOT; };
		3A4AF6F7281E8087AA23E3DE = { isa = PBXBuildFile; fileRef = EB9FD608395FA950052DD57C; };
		BC3C9AC08AA326ADCC24905D = { isa = PBXFileReference; lastKnownFileType = sourcecode.swift; path = "Sources/NotchCore/OnlineWeatherStocks.swift"; sourceTree = SOURCE_ROOT; };
		059A5A09873C7935879DAB23 = { isa = PBXBuildFile; fileRef = BC3C9AC08AA326ADCC24905D; };
		52E5ADFDE2C18ECCDA650668 = { isa = PBXFileReference; lastKnownFileType = sourcecode.swift; path = "Sources/NotchCore/OrbitNativeParsers.swift"; sourceTree = SOURCE_ROOT; };
		ED5F1B56C3AC6EFC85F63B10 = { isa = PBXBuildFile; fileRef = 52E5ADFDE2C18ECCDA650668; };
		908A8753E97DFF88FD95E4C7 = { isa = PBXFileReference; lastKnownFileType = sourcecode.swift; path = "Sources/NotchCore/OrbitSystemDeltas.swift"; sourceTree = SOURCE_ROOT; };
		3107B9445B323FB100912F55 = { isa = PBXBuildFile; fileRef = 908A8753E97DFF88FD95E4C7; };
		A63301336667BAE3D206A91C = { isa = PBXFileReference; lastKnownFileType = sourcecode.swift; path = "Sources/NotchCore/PlusIntentValidation.swift"; sourceTree = SOURCE_ROOT; };
		BD58BADD180DC746D24303F8 = { isa = PBXBuildFile; fileRef = A63301336667BAE3D206A91C; };
		71197A8DE95BCB3A135D95CD = { isa = PBXFileReference; lastKnownFileType = sourcecode.swift; path = "Sources/NotchCore/PlusTool.swift"; sourceTree = SOURCE_ROOT; };
		3513BA7F3F52D908CE91B9E6 = { isa = PBXBuildFile; fileRef = 71197A8DE95BCB3A135D95CD; };
		3EDA90A8D2E29504D238B069 = { isa = PBXFileReference; lastKnownFileType = sourcecode.swift; path = "Sources/NotchCore/ShelfLibraryMetadata.swift"; sourceTree = SOURCE_ROOT; };
		32390AC6D0909F8C94368EAE = { isa = PBXBuildFile; fileRef = 3EDA90A8D2E29504D238B069; };
		19FFAF22639E34644917B5E6 = { isa = PBXFileReference; lastKnownFileType = sourcecode.swift; path = "Sources/NotchCore/SyncModels.swift"; sourceTree = SOURCE_ROOT; };
		C5CD700B2EA6F7CA7C2682D8 = { isa = PBXBuildFile; fileRef = 19FFAF22639E34644917B5E6; };
		A63C5B5BE2C211663EAFE349 = { isa = PBXFileReference; lastKnownFileType = sourcecode.swift; path = "Sources/NotchCore/SyncPortableLibrary.swift"; sourceTree = SOURCE_ROOT; };
		BD5749AE891BB5740708CE54 = { isa = PBXBuildFile; fileRef = A63C5B5BE2C211663EAFE349; };
		F49A6C6095EC25612BD7C4A5 = { isa = PBXFileReference; lastKnownFileType = sourcecode.swift; path = "Sources/NotchCore/SystemControlsModels.swift"; sourceTree = SOURCE_ROOT; };
		DE04CD4EACCB9AC9AED92CCF = { isa = PBXBuildFile; fileRef = F49A6C6095EC25612BD7C4A5; };
		B2EF64EA4078A2B02DAB678D = { isa = PBXFileReference; lastKnownFileType = sourcecode.swift; path = "Sources/NotchCore/SystemDeviceModels.swift"; sourceTree = SOURCE_ROOT; };
		6F5176A59C1740774FF28E43 = { isa = PBXBuildFile; fileRef = B2EF64EA4078A2B02DAB678D; };
		97F974B7D776814DA531C7A1 = { isa = PBXFileReference; lastKnownFileType = sourcecode.swift; path = "Sources/NotchCore/WorkflowPreset.swift"; sourceTree = SOURCE_ROOT; };
		28C37D1A07664CC200C91A9E = { isa = PBXBuildFile; fileRef = 97F974B7D776814DA531C7A1; };
		DF02D81F399FD4A220CB264D = { isa = PBXFileReference; lastKnownFileType = sourcecode.swift; path = "Sources/NotchCore/WorldClockConversion.swift"; sourceTree = SOURCE_ROOT; };
		E2A10ACBFFA584EC21E51421 = { isa = PBXBuildFile; fileRef = DF02D81F399FD4A220CB264D; };
		AAEAD811E883E711FCC65D88 = { isa = PBXFileReference; lastKnownFileType = sourcecode.swift; path = "../Sources/OrbitDrop/AppModel.swift"; sourceTree = SOURCE_ROOT; };
		1B784D8DACABA94128032B35 = { isa = PBXBuildFile; fileRef = AAEAD811E883E711FCC65D88; };
		98B5282583A9E6FBFD5D80F1 = { isa = PBXFileReference; lastKnownFileType = sourcecode.swift; path = "../Sources/OrbitDrop/Engines/ArchiveEngine.swift"; sourceTree = SOURCE_ROOT; };
		09D23B03825CB18D616D3742 = { isa = PBXBuildFile; fileRef = 98B5282583A9E6FBFD5D80F1; };
		41900F5A12E743809E158B09 = { isa = PBXFileReference; lastKnownFileType = sourcecode.swift; path = "../Sources/OrbitDrop/Engines/FileEngine.swift"; sourceTree = SOURCE_ROOT; };
		F857D0CC2A57E829448E0D72 = { isa = PBXBuildFile; fileRef = 41900F5A12E743809E158B09; };
		33B8A6E73D5F297302599041 = { isa = PBXFileReference; lastKnownFileType = sourcecode.swift; path = "../Sources/OrbitDrop/Engines/FileInspector.swift"; sourceTree = SOURCE_ROOT; };
		CED76E350D6539B3C872F9D6 = { isa = PBXBuildFile; fileRef = 33B8A6E73D5F297302599041; };
		E113ED9B995477A19469D270 = { isa = PBXFileReference; lastKnownFileType = sourcecode.swift; path = "../Sources/OrbitDrop/Engines/ImageEngine.swift"; sourceTree = SOURCE_ROOT; };
		8948943B3E32C35A4A8BEB37 = { isa = PBXBuildFile; fileRef = E113ED9B995477A19469D270; };
		DDDBFB7989570C6B8FEC9F57 = { isa = PBXFileReference; lastKnownFileType = sourcecode.swift; path = "../Sources/OrbitDrop/Engines/MediaEngine.swift"; sourceTree = SOURCE_ROOT; };
		3589C6E9541DD3209FBEB319 = { isa = PBXBuildFile; fileRef = DDDBFB7989570C6B8FEC9F57; };
		9C2782070F67F184B37F7601 = { isa = PBXFileReference; lastKnownFileType = sourcecode.swift; path = "../Sources/OrbitDrop/Engines/OutputTransaction.swift"; sourceTree = SOURCE_ROOT; };
		F5CAB711B2DDB4DEA48C9838 = { isa = PBXBuildFile; fileRef = 9C2782070F67F184B37F7601; };
		A5305F5907516B24E7BDB82F = { isa = PBXFileReference; lastKnownFileType = sourcecode.swift; path = "../Sources/OrbitDrop/Engines/PDFEngine.swift"; sourceTree = SOURCE_ROOT; };
		75EF80AA0F694BF44F02869B = { isa = PBXBuildFile; fileRef = A5305F5907516B24E7BDB82F; };
		DEED67AD591B6DE89D9BFB7C = { isa = PBXFileReference; lastKnownFileType = sourcecode.swift; path = "Sources/NotchOrbitPlus/Dashboard/DashboardPreferences.swift"; sourceTree = SOURCE_ROOT; };
		BB5EB3452F534FD39DA057D8 = { isa = PBXBuildFile; fileRef = DEED67AD591B6DE89D9BFB7C; };
		1A97D3717C4F8D3AFBA7A50C = { isa = PBXFileReference; lastKnownFileType = sourcecode.swift; path = "Sources/NotchOrbitPlus/Dashboard/GlobalNotchShortcut.swift"; sourceTree = SOURCE_ROOT; };
		48D8E5938C0AD54B8944BCEA = { isa = PBXBuildFile; fileRef = 1A97D3717C4F8D3AFBA7A50C; };
		19F3D4B65966444D00ADB975 = { isa = PBXFileReference; lastKnownFileType = sourcecode.swift; path = "Sources/NotchOrbitPlus/Dashboard/LiveCompactView.swift"; sourceTree = SOURCE_ROOT; };
		E0994722A4FC877A66DCC571 = { isa = PBXBuildFile; fileRef = 19F3D4B65966444D00ADB975; };
		C3AD2321683E6BD6DB4DC943 = { isa = PBXFileReference; lastKnownFileType = sourcecode.swift; path = "Sources/NotchOrbitPlus/Dashboard/NotchDashboardController.swift"; sourceTree = SOURCE_ROOT; };
		D69EB80C7E55FDBE644158D5 = { isa = PBXBuildFile; fileRef = C3AD2321683E6BD6DB4DC943; };
		ED419968DD92B1C89AB79FF1 = { isa = PBXFileReference; lastKnownFileType = sourcecode.swift; path = "Sources/NotchOrbitPlus/Dashboard/NotchDashboardView.swift"; sourceTree = SOURCE_ROOT; };
		417E3BF7755DA44A68B7A3F2 = { isa = PBXBuildFile; fileRef = ED419968DD92B1C89AB79FF1; };
		0E3F197AAC3CE9C76F35368D = { isa = PBXFileReference; lastKnownFileType = sourcecode.swift; path = "Sources/NotchOrbitPlus/Dashboard/PlusFullscreenDetection.swift"; sourceTree = SOURCE_ROOT; };
		2E7EF880C0B6DFA38B0B7205 = { isa = PBXBuildFile; fileRef = 0E3F197AAC3CE9C76F35368D; };
		07BBFE4319AD679A2343D7B6 = { isa = PBXFileReference; lastKnownFileType = sourcecode.swift; path = "Sources/NotchOrbitPlus/Dashboard/PlusIntegration.swift"; sourceTree = SOURCE_ROOT; };
		9E7E22EEADDB98649B2716C7 = { isa = PBXBuildFile; fileRef = 07BBFE4319AD679A2343D7B6; };
		46072825B2EBE578EB30495E = { isa = PBXFileReference; lastKnownFileType = sourcecode.swift; path = "Sources/NotchOrbitPlus/Drag/NotchDragMonitor.swift"; sourceTree = SOURCE_ROOT; };
		7B3549A1D28E0AE24CB1F012 = { isa = PBXBuildFile; fileRef = 46072825B2EBE578EB30495E; };
		4175E7F7B0E24FC1DF7A9B79 = { isa = PBXFileReference; lastKnownFileType = sourcecode.swift; path = "Sources/NotchOrbitPlus/Notch/NotchPanelController.swift"; sourceTree = SOURCE_ROOT; };
		4C8A17A33FB1C100E58223E2 = { isa = PBXBuildFile; fileRef = 4175E7F7B0E24FC1DF7A9B79; };
		C43447B1073EAADC1AE9480C = { isa = PBXFileReference; lastKnownFileType = sourcecode.swift; path = "Sources/NotchOrbitPlus/Notch/NotchScreenLayout.swift"; sourceTree = SOURCE_ROOT; };
		E2A054C9B17B019DC734E913 = { isa = PBXBuildFile; fileRef = C43447B1073EAADC1AE9480C; };
		E66E2D367FEFEAAF1FA5D555 = { isa = PBXFileReference; lastKnownFileType = sourcecode.swift; path = "Sources/NotchOrbitPlus/NotchOrbitPlusApp.swift"; sourceTree = SOURCE_ROOT; };
		F02E0534F7B76080701407B2 = { isa = PBXBuildFile; fileRef = E66E2D367FEFEAAF1FA5D555; };
		477AA9D5918A7940B7F017B8 = { isa = PBXFileReference; lastKnownFileType = sourcecode.swift; path = "Sources/NotchOrbitPlus/Tools/Capture/CaptureAreaSelector.swift"; sourceTree = SOURCE_ROOT; };
		E1AE1A237AF5FDE8E589A8AB = { isa = PBXBuildFile; fileRef = 477AA9D5918A7940B7F017B8; };
		FA970AB40A737D151BB0F686 = { isa = PBXFileReference; lastKnownFileType = sourcecode.swift; path = "Sources/NotchOrbitPlus/Tools/Capture/CaptureMovieWriter.swift"; sourceTree = SOURCE_ROOT; };
		3B1B70E757FEE4F7460E2CEA = { isa = PBXBuildFile; fileRef = FA970AB40A737D151BB0F686; };
		BD2187D8171133B33D81048D = { isa = PBXFileReference; lastKnownFileType = sourcecode.swift; path = "Sources/NotchOrbitPlus/Tools/Capture/CaptureToolVisibility.swift"; sourceTree = SOURCE_ROOT; };
		F13644061365CF9F9FE842E0 = { isa = PBXBuildFile; fileRef = BD2187D8171133B33D81048D; };
		8C68F8457905017E93DEDE48 = { isa = PBXFileReference; lastKnownFileType = sourcecode.swift; path = "Sources/NotchOrbitPlus/Tools/Capture/ScreenshotShelfStore.swift"; sourceTree = SOURCE_ROOT; };
		B2D320C8A59D4FB747A9A363 = { isa = PBXBuildFile; fileRef = 8C68F8457905017E93DEDE48; };
		FFD1CAFF8AE4B1CAF891881E = { isa = PBXFileReference; lastKnownFileType = sourcecode.swift; path = "Sources/NotchOrbitPlus/Tools/Capture/ScreenshotShelfToolView.swift"; sourceTree = SOURCE_ROOT; };
		E1DDBD59CC4FF925141DB848 = { isa = PBXBuildFile; fileRef = FFD1CAFF8AE4B1CAF891881E; };
		2E0ED014BC41C24E187EF91F = { isa = PBXFileReference; lastKnownFileType = sourcecode.swift; path = "Sources/NotchOrbitPlus/Tools/ColorPicker/ColorPickerStore.swift"; sourceTree = SOURCE_ROOT; };
		01A09C332F9AB90EC187D663 = { isa = PBXBuildFile; fileRef = 2E0ED014BC41C24E187EF91F; };
		A55C81E6222E56E54F2F1CE0 = { isa = PBXFileReference; lastKnownFileType = sourcecode.swift; path = "Sources/NotchOrbitPlus/Tools/ColorPicker/ColorPickerToolView.swift"; sourceTree = SOURCE_ROOT; };
		9ECE759D3678859519E167F3 = { isa = PBXBuildFile; fileRef = A55C81E6222E56E54F2F1CE0; };
		1BCC020A060033B0E7829467 = { isa = PBXFileReference; lastKnownFileType = sourcecode.swift; path = "Sources/NotchOrbitPlus/Tools/Distribution/PlusOnboardingView.swift"; sourceTree = SOURCE_ROOT; };
		86B78E1624A9F4F9DD8B045E = { isa = PBXBuildFile; fileRef = 1BCC020A060033B0E7829467; };
		261E6A4E2B955356F78BD5D7 = { isa = PBXFileReference; lastKnownFileType = sourcecode.swift; path = "Sources/NotchOrbitPlus/Tools/Distribution/PlusUpdateInstaller.swift"; sourceTree = SOURCE_ROOT; };
		445D799ADF05FFF59B176699 = { isa = PBXBuildFile; fileRef = 261E6A4E2B955356F78BD5D7; };
		18C043857ED3235C4CC2FD0A = { isa = PBXFileReference; lastKnownFileType = sourcecode.swift; path = "Sources/NotchOrbitPlus/Tools/Distribution/PlusUpdateService.swift"; sourceTree = SOURCE_ROOT; };
		9186D52501839B1B2FF7FAD0 = { isa = PBXBuildFile; fileRef = 18C043857ED3235C4CC2FD0A; };
		6C1FD24FDE2103E70A785823 = { isa = PBXFileReference; lastKnownFileType = sourcecode.swift; path = "Sources/NotchOrbitPlus/Tools/Launcher/LauncherBookmarks.swift"; sourceTree = SOURCE_ROOT; };
		9D6DEBE8624A2339FBF73621 = { isa = PBXBuildFile; fileRef = 6C1FD24FDE2103E70A785823; };
		D69DE90CE0A7005C98CCE753 = { isa = PBXFileReference; lastKnownFileType = sourcecode.swift; path = "Sources/NotchOrbitPlus/Tools/Launcher/QuickLauncherTool.swift"; sourceTree = SOURCE_ROOT; };
		16046533A5A80176AAF5A73F = { isa = PBXBuildFile; fileRef = D69DE90CE0A7005C98CCE753; };
		A838EE72997FB2A58B3D523C = { isa = PBXFileReference; lastKnownFileType = sourcecode.swift; path = "Sources/NotchOrbitPlus/Tools/LocalProductivity/ClipboardImageOCR.swift"; sourceTree = SOURCE_ROOT; };
		84D2129E50207F5B85C930D1 = { isa = PBXBuildFile; fileRef = A838EE72997FB2A58B3D523C; };
		04905EA122575A5B0BB4D24B = { isa = PBXFileReference; lastKnownFileType = sourcecode.swift; path = "Sources/NotchOrbitPlus/Tools/LocalProductivity/ClipboardToolView.swift"; sourceTree = SOURCE_ROOT; };
		CDFCB8E5B83938E3DEF69035 = { isa = PBXBuildFile; fileRef = 04905EA122575A5B0BB4D24B; };
		7A12D824EF42F5D5CD038344 = { isa = PBXFileReference; lastKnownFileType = sourcecode.swift; path = "Sources/NotchOrbitPlus/Tools/LocalProductivity/ConverterToolView.swift"; sourceTree = SOURCE_ROOT; };
		EF706E817F125B06E808594B = { isa = PBXBuildFile; fileRef = 7A12D824EF42F5D5CD038344; };
		5128D561E750C1D42FEEF901 = { isa = PBXFileReference; lastKnownFileType = sourcecode.swift; path = "Sources/NotchOrbitPlus/Tools/LocalProductivity/CurrencyConverterTool.swift"; sourceTree = SOURCE_ROOT; };
		75233D2AE778B0844A5303CA = { isa = PBXBuildFile; fileRef = 5128D561E750C1D42FEEF901; };
		F71306DE4ED1F555920FDED6 = { isa = PBXFileReference; lastKnownFileType = sourcecode.swift; path = "Sources/NotchOrbitPlus/Tools/LocalProductivity/EmojiToolView.swift"; sourceTree = SOURCE_ROOT; };
		6D71D8010A29BF979D094CF3 = { isa = PBXBuildFile; fileRef = F71306DE4ED1F555920FDED6; };
		404D3760019F97DE82BDBDB1 = { isa = PBXFileReference; lastKnownFileType = sourcecode.swift; path = "Sources/NotchOrbitPlus/Tools/LocalProductivity/FileShelfToolView.swift"; sourceTree = SOURCE_ROOT; };
		8387F8B886AE931B3314094C = { isa = PBXBuildFile; fileRef = 404D3760019F97DE82BDBDB1; };
		DD0C9F53201C349DD2AFA991 = { isa = PBXFileReference; lastKnownFileType = sourcecode.swift; path = "Sources/NotchOrbitPlus/Tools/LocalProductivity/LocalProductivityLifecycle.swift"; sourceTree = SOURCE_ROOT; };
		FEACF76139BF7D4E6B4E5A3E = { isa = PBXBuildFile; fileRef = DD0C9F53201C349DD2AFA991; };
		22EE55379876EF4758F92013 = { isa = PBXFileReference; lastKnownFileType = sourcecode.swift; path = "Sources/NotchOrbitPlus/Tools/LocalProductivity/LocalToolStorage.swift"; sourceTree = SOURCE_ROOT; };
		5F25D8DA664DC2AE82C4974B = { isa = PBXBuildFile; fileRef = 22EE55379876EF4758F92013; };
		AD6A719E77CABA38186B33EF = { isa = PBXFileReference; lastKnownFileType = sourcecode.swift; path = "Sources/NotchOrbitPlus/Tools/LocalProductivity/QuickNoteToolView.swift"; sourceTree = SOURCE_ROOT; };
		1093252F6A2D3C738F7560D0 = { isa = PBXBuildFile; fileRef = AD6A719E77CABA38186B33EF; };
		AC90C89A29784F7DC909AA90 = { isa = PBXFileReference; lastKnownFileType = sourcecode.swift; path = "Sources/NotchOrbitPlus/Tools/LocalProductivity/ShelfQuickLookController.swift"; sourceTree = SOURCE_ROOT; };
		AF637B9881A72531EBA699B6 = { isa = PBXBuildFile; fileRef = AC90C89A29784F7DC909AA90; };
		6A79DC59BD62F2729A064A77 = { isa = PBXFileReference; lastKnownFileType = sourcecode.swift; path = "Sources/NotchOrbitPlus/Tools/LocalProductivity/ToDosToolView.swift"; sourceTree = SOURCE_ROOT; };
		D2C80441BC57399B4AF674DA = { isa = PBXBuildFile; fileRef = 6A79DC59BD62F2729A064A77; };
		DE722BE31F369240DF71F7DB = { isa = PBXFileReference; lastKnownFileType = sourcecode.swift; path = "Sources/NotchOrbitPlus/Tools/NativeUtilities/AssistantTool.swift"; sourceTree = SOURCE_ROOT; };
		651620E52AF4E99F6C049F7C = { isa = PBXBuildFile; fileRef = DE722BE31F369240DF71F7DB; };
		A7759BFCEC855E1D08E79EBC = { isa = PBXFileReference; lastKnownFileType = sourcecode.swift; path = "Sources/NotchOrbitPlus/Tools/NativeUtilities/MirrorTool.swift"; sourceTree = SOURCE_ROOT; };
		8AF59F72A3D67449938FE4DE = { isa = PBXBuildFile; fileRef = A7759BFCEC855E1D08E79EBC; };
		DC2843D17A53128685EE03FD = { isa = PBXFileReference; lastKnownFileType = sourcecode.swift; path = "Sources/NotchOrbitPlus/Tools/NativeUtilities/NativeToolVisibility.swift"; sourceTree = SOURCE_ROOT; };
		F2167A5CBC8CB9237F9E6229 = { isa = PBXBuildFile; fileRef = DC2843D17A53128685EE03FD; };
		259F300139AA15503E12FC4A = { isa = PBXFileReference; lastKnownFileType = sourcecode.swift; path = "Sources/NotchOrbitPlus/Tools/NativeUtilities/NowPlayingTool.swift"; sourceTree = SOURCE_ROOT; };
		9BBA1E371DE9766533686572 = { isa = PBXBuildFile; fileRef = 259F300139AA15503E12FC4A; };
		0D92BF91261D3D7F1360666E = { isa = PBXFileReference; lastKnownFileType = sourcecode.swift; path = "Sources/NotchOrbitPlus/Tools/NativeUtilities/PlusLRCLyricsClient.swift"; sourceTree = SOURCE_ROOT; };
		3A86762DF7846176551C45D1 = { isa = PBXBuildFile; fileRef = 0D92BF91261D3D7F1360666E; };
		6369AAA71F9546506FE19AA3 = { isa = PBXFileReference; lastKnownFileType = sourcecode.swift; path = "Sources/NotchOrbitPlus/Tools/NativeUtilities/PlusMediaRemoteSource.swift"; sourceTree = SOURCE_ROOT; };
		B820A2E5189DBAC548AECA17 = { isa = PBXBuildFile; fileRef = 6369AAA71F9546506FE19AA3; };
		E3892F1B31D93D452A1C789D = { isa = PBXFileReference; lastKnownFileType = sourcecode.swift; path = "Sources/NotchOrbitPlus/Tools/NativeUtilities/PlusSpotifyArtworkClient.swift"; sourceTree = SOURCE_ROOT; };
		D22117A4C0A7AE706B6379CF = { isa = PBXBuildFile; fileRef = E3892F1B31D93D452A1C789D; };
		7019DA0FE7591D10A4A8E674 = { isa = PBXFileReference; lastKnownFileType = sourcecode.swift; path = "Sources/NotchOrbitPlus/Tools/NativeUtilities/ShortcutsTool.swift"; sourceTree = SOURCE_ROOT; };
		CD59D82DE2A712441BABBD74 = { isa = PBXBuildFile; fileRef = 7019DA0FE7591D10A4A8E674; };
		DD8CC642FAF5BEA3CAE7E0BF = { isa = PBXFileReference; lastKnownFileType = sourcecode.swift; path = "Sources/NotchOrbitPlus/Tools/NativeUtilities/SystemTool.swift"; sourceTree = SOURCE_ROOT; };
		550755FBE3275E8466E8C1E6 = { isa = PBXBuildFile; fileRef = DD8CC642FAF5BEA3CAE7E0BF; };
		E350954C946F0648EB36E962 = { isa = PBXFileReference; lastKnownFileType = sourcecode.swift; path = "Sources/NotchOrbitPlus/Tools/OnlineServices/AIUsageTool.swift"; sourceTree = SOURCE_ROOT; };
		731FA414B6B349F5402D020F = { isa = PBXBuildFile; fileRef = E350954C946F0648EB36E962; };
		7A01F5383B8FE0ECC4D5DC51 = { isa = PBXFileReference; lastKnownFileType = sourcecode.swift; path = "Sources/NotchOrbitPlus/Tools/OnlineServices/CodexQuotaReader.swift"; sourceTree = SOURCE_ROOT; };
		0A0146E2AD9D6051722A0A57 = { isa = PBXBuildFile; fileRef = 7A01F5383B8FE0ECC4D5DC51; };
		B7FD338C1EDF8187C5D716EC = { isa = PBXFileReference; lastKnownFileType = sourcecode.swift; path = "Sources/NotchOrbitPlus/Tools/OnlineServices/GithubActionsTool.swift"; sourceTree = SOURCE_ROOT; };
		680FA28535E92460AAA6D69B = { isa = PBXBuildFile; fileRef = B7FD338C1EDF8187C5D716EC; };
		493667B9BD4ADBF850E99D84 = { isa = PBXFileReference; lastKnownFileType = sourcecode.swift; path = "Sources/NotchOrbitPlus/Tools/OnlineServices/OnlineServiceSupport.swift"; sourceTree = SOURCE_ROOT; };
		01B48A40C57C47D58A6E5BDD = { isa = PBXBuildFile; fileRef = 493667B9BD4ADBF850E99D84; };
		E840BFA15F36E713287F0BFB = { isa = PBXFileReference; lastKnownFileType = sourcecode.swift; path = "Sources/NotchOrbitPlus/Tools/OnlineServices/SalesTool.swift"; sourceTree = SOURCE_ROOT; };
		072F12B21E14615597CEF2EA = { isa = PBXBuildFile; fileRef = E840BFA15F36E713287F0BFB; };
		3A9A6D98B1A2B304B26D1478 = { isa = PBXFileReference; lastKnownFileType = sourcecode.swift; path = "Sources/NotchOrbitPlus/Tools/OnlineServices/WeatherStocksTools.swift"; sourceTree = SOURCE_ROOT; };
		A6D9089836576BD57917F34C = { isa = PBXBuildFile; fileRef = 3A9A6D98B1A2B304B26D1478; };
		8F28198A69DBFD662AB13119 = { isa = PBXFileReference; lastKnownFileType = sourcecode.swift; path = "Sources/NotchOrbitPlus/Tools/Planning/CalendarTools.swift"; sourceTree = SOURCE_ROOT; };
		3327A0C9409C712E9003B53F = { isa = PBXBuildFile; fileRef = 8F28198A69DBFD662AB13119; };
		CA359D4F3957B917639F8B8F = { isa = PBXFileReference; lastKnownFileType = sourcecode.swift; path = "Sources/NotchOrbitPlus/Tools/Planning/FocusStatsTool.swift"; sourceTree = SOURCE_ROOT; };
		22A1FFB4FDB19A4DD3D29DB9 = { isa = PBXBuildFile; fileRef = CA359D4F3957B917639F8B8F; };
		F4D6E08114D3D2FB2FD5A314 = { isa = PBXFileReference; lastKnownFileType = sourcecode.swift; path = "Sources/NotchOrbitPlus/Tools/Planning/MeetingService.swift"; sourceTree = SOURCE_ROOT; };
		D8CE9CF4CC851E0001FBB027 = { isa = PBXBuildFile; fileRef = F4D6E08114D3D2FB2FD5A314; };
		62E869143A702EE363CEA8C6 = { isa = PBXFileReference; lastKnownFileType = sourcecode.swift; path = "Sources/NotchOrbitPlus/Tools/Planning/TimerTools.swift"; sourceTree = SOURCE_ROOT; };
		9C3954A7CC203605EA57C25B = { isa = PBXBuildFile; fileRef = 62E869143A702EE363CEA8C6; };
		AE412E24C4D3039AAB6A9A59 = { isa = PBXFileReference; lastKnownFileType = sourcecode.swift; path = "Sources/NotchOrbitPlus/Tools/Planning/WorldClockTool.swift"; sourceTree = SOURCE_ROOT; };
		EB77EA3365A43C3A37BB754D = { isa = PBXBuildFile; fileRef = AE412E24C4D3039AAB6A9A59; };
		A8D219DF06047CB07F7FD55F = { isa = PBXFileReference; lastKnownFileType = sourcecode.swift; path = "Sources/NotchOrbitPlus/Tools/Settings/AppearanceSettings.swift"; sourceTree = SOURCE_ROOT; };
		266F98346946BB579F2B3789 = { isa = PBXBuildFile; fileRef = A8D219DF06047CB07F7FD55F; };
		CDCA9B8C09C15E7C5F6AAF54 = { isa = PBXFileReference; lastKnownFileType = sourcecode.swift; path = "Sources/NotchOrbitPlus/Tools/Settings/LivePrioritySettings.swift"; sourceTree = SOURCE_ROOT; };
		EFC37619B4435DF72AD4BA04 = { isa = PBXBuildFile; fileRef = CDCA9B8C09C15E7C5F6AAF54; };
		222A0CE547EAAD89F14C438F = { isa = PBXFileReference; lastKnownFileType = sourcecode.swift; path = "Sources/NotchOrbitPlus/Tools/Settings/PlusPortableDefaults.swift"; sourceTree = SOURCE_ROOT; };
		863AA10724A6641D07745791 = { isa = PBXBuildFile; fileRef = 222A0CE547EAAD89F14C438F; };
		1DEE06CA6AF6F5F17BBD0B8C = { isa = PBXFileReference; lastKnownFileType = sourcecode.swift; path = "Sources/NotchOrbitPlus/Tools/Shortcuts/PlusAppIntents.swift"; sourceTree = SOURCE_ROOT; };
		218BEFF0A2E904BF3572D96C = { isa = PBXBuildFile; fileRef = 1DEE06CA6AF6F5F17BBD0B8C; };
		82EE55A12CB7460914CDC6C7 = { isa = PBXFileReference; lastKnownFileType = sourcecode.swift; path = "Sources/NotchOrbitPlus/Tools/Sync/PlusSyncService.swift"; sourceTree = SOURCE_ROOT; };
		67E28F7810DEA80B9741507B = { isa = PBXBuildFile; fileRef = 82EE55A12CB7460914CDC6C7; };
		3C9BFF5D1024BD8D605A34E6 = { isa = PBXFileReference; lastKnownFileType = sourcecode.swift; path = "Sources/NotchOrbitPlus/Tools/Sync/SyncFolderIO.swift"; sourceTree = SOURCE_ROOT; };
		70258C4F1BC87F17A66AAC22 = { isa = PBXBuildFile; fileRef = 3C9BFF5D1024BD8D605A34E6; };
		64305F7F974A620505CCCDD2 = { isa = PBXFileReference; lastKnownFileType = sourcecode.swift; path = "Sources/NotchOrbitPlus/Tools/Sync/SyncLocalTransaction.swift"; sourceTree = SOURCE_ROOT; };
		B97C3A174F6754FDA3B05314 = { isa = PBXBuildFile; fileRef = 64305F7F974A620505CCCDD2; };
		659FC887A45DA27D550421B8 = { isa = PBXFileReference; lastKnownFileType = sourcecode.swift; path = "Sources/NotchOrbitPlus/Tools/Sync/SyncSettingsView.swift"; sourceTree = SOURCE_ROOT; };
		7E87A5F3DB12480A41544927 = { isa = PBXBuildFile; fileRef = 659FC887A45DA27D550421B8; };
		37F2FF2FD10709D1FBBCB950 = { isa = PBXFileReference; lastKnownFileType = sourcecode.swift; path = "Sources/NotchOrbitPlus/Tools/SystemControls/DevicesTool.swift"; sourceTree = SOURCE_ROOT; };
		99861CCF001853E583627E51 = { isa = PBXBuildFile; fileRef = 37F2FF2FD10709D1FBBCB950; };
		2C3BC1D21C20152AA79BA930 = { isa = PBXFileReference; lastKnownFileType = sourcecode.swift; path = "Sources/NotchOrbitPlus/Tools/SystemControls/NetworkTool.swift"; sourceTree = SOURCE_ROOT; };
		2C5957FBA112B786C2AD32FF = { isa = PBXBuildFile; fileRef = 2C3BC1D21C20152AA79BA930; };
		A4ACCC45CE8D7E6BEF873ECE = { isa = PBXFileReference; lastKnownFileType = sourcecode.swift; path = "Sources/NotchOrbitPlus/Tools/SystemControls/StatusTool.swift"; sourceTree = SOURCE_ROOT; };
		71189456AD07C95E25C5FD67 = { isa = PBXBuildFile; fileRef = A4ACCC45CE8D7E6BEF873ECE; };
		B2835F9ACC11322B2C6325A6 = { isa = PBXFileReference; lastKnownFileType = sourcecode.swift; path = "Sources/NotchOrbitPlus/Tools/SystemControls/SystemControlsService.swift"; sourceTree = SOURCE_ROOT; };
		BCD09A91E2460792488966D5 = { isa = PBXBuildFile; fileRef = B2835F9ACC11322B2C6325A6; };
		F802FDE77E6CC85FF096B25E = { isa = PBXFileReference; lastKnownFileType = sourcecode.swift; path = "Sources/NotchOrbitPlus/Tools/SystemControls/SystemHardwareControls.swift"; sourceTree = SOURCE_ROOT; };
		DC11F348EDD5BB29DC619ABF = { isa = PBXBuildFile; fileRef = F802FDE77E6CC85FF096B25E; };
		161DB26C8B503FBDF54A9295 = { isa = PBXFileReference; lastKnownFileType = sourcecode.swift; path = "Sources/NotchOrbitPlus/Tools/Workflows/WorkflowRunner.swift"; sourceTree = SOURCE_ROOT; };
		CFE4D27E2648BE60916B6FF5 = { isa = PBXBuildFile; fileRef = 161DB26C8B503FBDF54A9295; };
		483C76EEB1B456883D89F4B1 = { isa = PBXFileReference; lastKnownFileType = sourcecode.swift; path = "Sources/NotchOrbitPlus/Tools/Workflows/WorkflowStore.swift"; sourceTree = SOURCE_ROOT; };
		DC68BFE591550B83D636A81A = { isa = PBXBuildFile; fileRef = 483C76EEB1B456883D89F4B1; };
		A358F2B7BF1738D7DD4B401D = { isa = PBXFileReference; lastKnownFileType = sourcecode.swift; path = "Sources/NotchOrbitPlus/Tools/Workflows/WorkflowsToolView.swift"; sourceTree = SOURCE_ROOT; };
		F149F7202AFA0BAE8EE365B4 = { isa = PBXBuildFile; fileRef = A358F2B7BF1738D7DD4B401D; };
		7E5E52300C4F39A009142256 = { isa = PBXFileReference; lastKnownFileType = sourcecode.swift; path = "Sources/NotchOrbitPlus/UI/NotchUtilityViews.swift"; sourceTree = SOURCE_ROOT; };
		3794FD2CB9F804E1070876F6 = { isa = PBXBuildFile; fileRef = 7E5E52300C4F39A009142256; };
		215DB2E832D08D89310D5EBF = { isa = PBXFileReference; lastKnownFileType = sourcecode.swift; path = "Tests/NotchOrbitPlusTests/AppIntentEvaluationTests.swift"; sourceTree = SOURCE_ROOT; };
		21CA96AEED94F4C6DE95E928 = { isa = PBXBuildFile; fileRef = 215DB2E832D08D89310D5EBF; };
		B133F8130AECFD1663A9A06A = { isa = PBXFileReference; lastKnownFileType = sourcecode.swift; path = "Tests/NotchOrbitPlusTests/AppearancePriorityEvaluationTests.swift"; sourceTree = SOURCE_ROOT; };
		AD08231BF5FE1994D906DA33 = { isa = PBXBuildFile; fileRef = B133F8130AECFD1663A9A06A; };
		48D6FC6CFE09C4FFEF3E4DC8 = { isa = PBXFileReference; lastKnownFileType = sourcecode.swift; path = "Tests/NotchOrbitPlusTests/CaptureFilesEvaluationTests.swift"; sourceTree = SOURCE_ROOT; };
		3A59BED031C0AFEA41EAAB9B = { isa = PBXBuildFile; fileRef = 48D6FC6CFE09C4FFEF3E4DC8; };
		55D8EA4067211FF320C3C887 = { isa = PBXFileReference; lastKnownFileType = sourcecode.swift; path = "Tests/NotchOrbitPlusTests/ClipboardOCREvaluationTests.swift"; sourceTree = SOURCE_ROOT; };
		1741E9646DBEFE7077DDD49B = { isa = PBXBuildFile; fileRef = 55D8EA4067211FF320C3C887; };
		2C61CE8B648835C38AA14993 = { isa = PBXFileReference; lastKnownFileType = sourcecode.swift; path = "Tests/NotchOrbitPlusTests/CodexQuotaRunnerTests.swift"; sourceTree = SOURCE_ROOT; };
		3C1D2651B952FA090D90FC7D = { isa = PBXBuildFile; fileRef = 2C61CE8B648835C38AA14993; };
		9713BE6456E86FF7B5801089 = { isa = PBXFileReference; lastKnownFileType = sourcecode.swift; path = "Tests/NotchOrbitPlusTests/ColorPickerEvaluationTests.swift"; sourceTree = SOURCE_ROOT; };
		58C65CFDCDCB19E974FDD8D9 = { isa = PBXBuildFile; fileRef = 9713BE6456E86FF7B5801089; };
		3CF252C503E6B05E2DF91E9B = { isa = PBXFileReference; lastKnownFileType = sourcecode.swift; path = "Tests/NotchOrbitPlusTests/DashboardEvaluationTests.swift"; sourceTree = SOURCE_ROOT; };
		B6FE5742C04AC0EEA53A44C1 = { isa = PBXBuildFile; fileRef = 3CF252C503E6B05E2DF91E9B; };
		ACD3ABC3FB74ED3F40C4B5AB = { isa = PBXFileReference; lastKnownFileType = sourcecode.swift; path = "Tests/NotchOrbitPlusTests/DistributionEvaluationTests.swift"; sourceTree = SOURCE_ROOT; };
		9854FC11461F214D27B75038 = { isa = PBXBuildFile; fileRef = ACD3ABC3FB74ED3F40C4B5AB; };
		A6B648F98FD4C9D270741684 = { isa = PBXFileReference; lastKnownFileType = sourcecode.swift; path = "Tests/NotchOrbitPlusTests/GithubActionsClientTests.swift"; sourceTree = SOURCE_ROOT; };
		F1D72524A2080884900981C1 = { isa = PBXBuildFile; fileRef = A6B648F98FD4C9D270741684; };
		2784B946142AF38324CB671B = { isa = PBXFileReference; lastKnownFileType = sourcecode.swift; path = "Tests/NotchOrbitPlusTests/HUDLifecycleEvaluationTests.swift"; sourceTree = SOURCE_ROOT; };
		CFE4F8F377B53DD63842FB20 = { isa = PBXBuildFile; fileRef = 2784B946142AF38324CB671B; };
		05843EC527742C4A47C355DB = { isa = PBXFileReference; lastKnownFileType = sourcecode.swift; path = "Tests/NotchOrbitPlusTests/LRCLyricsClientTests.swift"; sourceTree = SOURCE_ROOT; };
		99ACB7D5131FBDC620C74BA9 = { isa = PBXBuildFile; fileRef = 05843EC527742C4A47C355DB; };
		DE20CEEFA08DA1638E138803 = { isa = PBXFileReference; lastKnownFileType = sourcecode.swift; path = "Tests/NotchOrbitPlusTests/LauncherBookmarkTests.swift"; sourceTree = SOURCE_ROOT; };
		BDA564726841A401CB529C0A = { isa = PBXBuildFile; fileRef = DE20CEEFA08DA1638E138803; };
		3996911D472473688FA95E71 = { isa = PBXFileReference; lastKnownFileType = sourcecode.swift; path = "Tests/NotchOrbitPlusTests/LauncherSyncTests.swift"; sourceTree = SOURCE_ROOT; };
		624B8C6793914D20ECA76B4D = { isa = PBXBuildFile; fileRef = 3996911D472473688FA95E71; };
		C34D773C7E915F3C8BCB0895 = { isa = PBXFileReference; lastKnownFileType = sourcecode.swift; path = "Tests/NotchOrbitPlusTests/LocalProductivityTests.swift"; sourceTree = SOURCE_ROOT; };
		546E28818EA9F2F09C7A26C2 = { isa = PBXBuildFile; fileRef = C34D773C7E915F3C8BCB0895; };
		E9E70ADB8F4DB674CFA24D1A = { isa = PBXFileReference; lastKnownFileType = sourcecode.swift; path = "Tests/NotchOrbitPlusTests/MediaModelEvaluationTests.swift"; sourceTree = SOURCE_ROOT; };
		F6129F74BF181C47CF742B33 = { isa = PBXBuildFile; fileRef = E9E70ADB8F4DB674CFA24D1A; };
		7D2DE7DB256625510A0BF39F = { isa = PBXFileReference; lastKnownFileType = sourcecode.swift; path = "Tests/NotchOrbitPlusTests/MediaRemoteSourceTests.swift"; sourceTree = SOURCE_ROOT; };
		DE39B1173F79AEEAB043FF68 = { isa = PBXBuildFile; fileRef = 7D2DE7DB256625510A0BF39F; };
		7110C5C810187541BB9E01DE = { isa = PBXFileReference; lastKnownFileType = sourcecode.swift; path = "Tests/NotchOrbitPlusTests/MeetingCompactEvaluationTests.swift"; sourceTree = SOURCE_ROOT; };
		310B3A72E64A35F7C9657BD9 = { isa = PBXBuildFile; fileRef = 7110C5C810187541BB9E01DE; };
		419745417871EEF3EE8556CD = { isa = PBXFileReference; lastKnownFileType = sourcecode.swift; path = "Tests/NotchOrbitPlusTests/NativeFeatureEvaluation.swift"; sourceTree = SOURCE_ROOT; };
		0DD40F98ACF2B3A5F6D787A0 = { isa = PBXBuildFile; fileRef = 419745417871EEF3EE8556CD; };
		B2D683FB4BE948457522A0F0 = { isa = PBXFileReference; lastKnownFileType = sourcecode.swift; path = "Tests/NotchOrbitPlusTests/NativeImageFixtures.swift"; sourceTree = SOURCE_ROOT; };
		821DF51450B4C9074C7148B5 = { isa = PBXBuildFile; fileRef = B2D683FB4BE948457522A0F0; };
		FC94942D0CE1A90AEB4C124E = { isa = PBXFileReference; lastKnownFileType = sourcecode.swift; path = "Tests/NotchOrbitPlusTests/NativeImageTests.swift"; sourceTree = SOURCE_ROOT; };
		C82579B015203599F593E92A = { isa = PBXBuildFile; fileRef = FC94942D0CE1A90AEB4C124E; };
		4B8D821765444821D176E746 = { isa = PBXFileReference; lastKnownFileType = sourcecode.swift; path = "Tests/NotchOrbitPlusTests/NativePanelEvaluationTests.swift"; sourceTree = SOURCE_ROOT; };
		5042A5F0CD94E7AB5CB0F98D = { isa = PBXBuildFile; fileRef = 4B8D821765444821D176E746; };
		9C73975C1DB6C76D178B3673 = { isa = PBXFileReference; lastKnownFileType = sourcecode.swift; path = "Tests/NotchOrbitPlusTests/NativePasteboardTests.swift"; sourceTree = SOURCE_ROOT; };
		B509E4E15C6B6197BDD242DF = { isa = PBXBuildFile; fileRef = 9C73975C1DB6C76D178B3673; };
		D603776295D9B22B15ADDFFA = { isa = PBXFileReference; lastKnownFileType = sourcecode.swift; path = "Tests/NotchOrbitPlusTests/NativeVisibilityEvaluationTests.swift"; sourceTree = SOURCE_ROOT; };
		40BAFD5CCA92BBF89D1B94D0 = { isa = PBXBuildFile; fileRef = D603776295D9B22B15ADDFFA; };
		6ADDB33A508CD15235C134EA = { isa = PBXFileReference; lastKnownFileType = sourcecode.swift; path = "Tests/NotchOrbitPlusTests/PlanningServiceEvaluationTests.swift"; sourceTree = SOURCE_ROOT; };
		6AA0D7F273BE457468834940 = { isa = PBXBuildFile; fileRef = 6ADDB33A508CD15235C134EA; };
		5A13E09FCF08FB46E4AD3B11 = { isa = PBXFileReference; lastKnownFileType = sourcecode.swift; path = "Tests/NotchOrbitPlusTests/PublicServiceEvaluationTests.swift"; sourceTree = SOURCE_ROOT; };
		3B58D11C8B6640B4589EDC02 = { isa = PBXBuildFile; fileRef = 5A13E09FCF08FB46E4AD3B11; };
		157384A21499F30E751B63E5 = { isa = PBXFileReference; lastKnownFileType = sourcecode.swift; path = "Tests/NotchOrbitPlusTests/ShelfQuickLookEvaluationTests.swift"; sourceTree = SOURCE_ROOT; };
		9C064007BB808C3305195433 = { isa = PBXBuildFile; fileRef = 157384A21499F30E751B63E5; };
		416299FF134D4A72B5D15EF8 = { isa = PBXFileReference; lastKnownFileType = sourcecode.swift; path = "Tests/NotchOrbitPlusTests/SpotifyArtworkClientTests.swift"; sourceTree = SOURCE_ROOT; };
		2B4C46173D8103ED43D70B8C = { isa = PBXBuildFile; fileRef = 416299FF134D4A72B5D15EF8; };
		836E5C1E34EDF6281F1EA841 = { isa = PBXFileReference; lastKnownFileType = sourcecode.swift; path = "Tests/NotchOrbitPlusTests/SyncFolderIOTests.swift"; sourceTree = SOURCE_ROOT; };
		8531E4899C5E9C28B5EC23B4 = { isa = PBXBuildFile; fileRef = 836E5C1E34EDF6281F1EA841; };
		461C0BD04A8976416AE61088 = { isa = PBXFileReference; lastKnownFileType = sourcecode.swift; path = "Tests/NotchOrbitPlusTests/SyncLocalTransactionTests.swift"; sourceTree = SOURCE_ROOT; };
		4CB1C7748DAD3DB0AE66A6E0 = { isa = PBXBuildFile; fileRef = 461C0BD04A8976416AE61088; };
		7E69759C26D0DA19B9400788 = { isa = PBXFileReference; lastKnownFileType = sourcecode.swift; path = "Tests/NotchOrbitPlusTests/UpdateClientEvaluationTests.swift"; sourceTree = SOURCE_ROOT; };
		7052CC53991C4ED787DD2450 = { isa = PBXBuildFile; fileRef = 7E69759C26D0DA19B9400788; };
		141127EC1A36BF70ACCC7A0B = { isa = PBXFileReference; lastKnownFileType = sourcecode.swift; path = "Tests/NotchOrbitPlusTests/WorkflowExplicitRunTests.swift"; sourceTree = SOURCE_ROOT; };
		BF3ADC9E78C294F01152AC2A = { isa = PBXBuildFile; fileRef = 141127EC1A36BF70ACCC7A0B; };
		3A699866DEE7E4C250D9BC99 = { isa = PBXFileReference; lastKnownFileType = sourcecode.swift; path = "Tests/NotchOrbitPlusTests/WorkflowRunnerTests.swift"; sourceTree = SOURCE_ROOT; };
		3FAB68648F8AAE317711C30C = { isa = PBXBuildFile; fileRef = 3A699866DEE7E4C250D9BC99; };
		8A17C17579E0311F23E4621E = { isa = PBXFileReference; lastKnownFileType = sourcecode.swift; path = "Tests/NotchOrbitPlusTests/WorkflowVideoTests.swift"; sourceTree = SOURCE_ROOT; };
		544E6F669E76C7E7B93FDE67 = { isa = PBXBuildFile; fileRef = 8A17C17579E0311F23E4621E; };
		2C78C5A5A1F187DC9B68F4ED = { isa = PBXFileReference; lastKnownFileType = image.icns; path = build/AppIcon.icns; sourceTree = SOURCE_ROOT; };
		7C57E16B35C018A44DB03870 = { isa = PBXBuildFile; fileRef = 2C78C5A5A1F187DC9B68F4ED; };
		EEB37B64D9871314F7054261 = { isa = PBXFileReference; lastKnownFileType = text.json; path = Resources/EmojiCatalog.json; sourceTree = SOURCE_ROOT; };
		4548E331E35E648A3596FE32 = { isa = PBXBuildFile; fileRef = EEB37B64D9871314F7054261; };
		BFBE10458B713A09A5726F81 = { isa = PBXFileReference; lastKnownFileType = folder; path = Resources/ThirdParty; sourceTree = SOURCE_ROOT; };
		BB4D0FD5B175B3EF92BC1949 = { isa = PBXBuildFile; fileRef = BFBE10458B713A09A5726F81; };
		E4D3F2FD8CF01E05CBB19EB8 = { isa = PBXFileReference; explicitFileType = archive.ar; includeInIndex = 0; path = libOrbitCore.a; sourceTree = BUILT_PRODUCTS_DIR; };
		DFCEEE8C059B6DF9C41221E9 = { isa = PBXFileReference; explicitFileType = archive.ar; includeInIndex = 0; path = libNotchCore.a; sourceTree = BUILT_PRODUCTS_DIR; };
		44AF8F9DEB556111ED29C425 = { isa = PBXFileReference; explicitFileType = wrapper.application; includeInIndex = 0; path = NotchOrbitPlus.app; sourceTree = BUILT_PRODUCTS_DIR; };
		72D0D2E95F6DABD36D11B935 = { isa = PBXFileReference; explicitFileType = wrapper.cfbundle; includeInIndex = 0; path = NotchOrbitPlusTests.xctest; sourceTree = BUILT_PRODUCTS_DIR; };
		00C45FD35CB0F9C5F764F070 = { isa = PBXGroup; children = (E4D3F2FD8CF01E05CBB19EB8, DFCEEE8C059B6DF9C41221E9, 44AF8F9DEB556111ED29C425, 72D0D2E95F6DABD36D11B935); name = Products; sourceTree = "<group>"; };
		ADCF10F76EBF2A74473E9DC4 = { isa = PBXGroup; children = (E269F90F4D28FB285649D1A7, 01C2655AAF979CB8FBDFF827, D6C404539223D5B490203F39, 43CCD1C422ADB2EBADE50799, CA0D4C87BE3A75DB1F78C86D, C0EBDEBDAE42F51CC2F9C530, ADF1F49ED0A07D7BD678C573, 7375146AA9089A9E0FB9CBF2, 113B9138D9F09BB7C2C1BFD2, DD1F399F2794713DC679CC7C, 1ABB8B6080E760062575E832, 9F64BE1E0C05EE7EB4B6D522, A3200FEE3F97718BA45A5827, E3532D3102F536ABE50D7131, 499AC36580B9F05012D6452B, E36A51F8664F3D0411947F38, 3324A02E2C19E8B06970D9A0, E52FD7D530F46C4E77BD1F4F, 4EDA6E6918D5D5DE18BBFB81, EC5C01FBD043EE12C54C7199, 93BD198D574BF31CF63B7EAD, B1A7F7F5C1734BDB9991F6A1, 3B7781659FDCB62FDC293B9B, EB9FD608395FA950052DD57C, BC3C9AC08AA326ADCC24905D, 52E5ADFDE2C18ECCDA650668, 908A8753E97DFF88FD95E4C7, A63301336667BAE3D206A91C, 71197A8DE95BCB3A135D95CD, 3EDA90A8D2E29504D238B069, 19FFAF22639E34644917B5E6, A63C5B5BE2C211663EAFE349, F49A6C6095EC25612BD7C4A5, B2EF64EA4078A2B02DAB678D, 97F974B7D776814DA531C7A1, DF02D81F399FD4A220CB264D, AAEAD811E883E711FCC65D88, 98B5282583A9E6FBFD5D80F1, 41900F5A12E743809E158B09, 33B8A6E73D5F297302599041, E113ED9B995477A19469D270, DDDBFB7989570C6B8FEC9F57, 9C2782070F67F184B37F7601, A5305F5907516B24E7BDB82F, DEED67AD591B6DE89D9BFB7C, 1A97D3717C4F8D3AFBA7A50C, 19F3D4B65966444D00ADB975, C3AD2321683E6BD6DB4DC943, ED419968DD92B1C89AB79FF1, 0E3F197AAC3CE9C76F35368D, 07BBFE4319AD679A2343D7B6, 46072825B2EBE578EB30495E, 4175E7F7B0E24FC1DF7A9B79, C43447B1073EAADC1AE9480C, E66E2D367FEFEAAF1FA5D555, 477AA9D5918A7940B7F017B8, FA970AB40A737D151BB0F686, BD2187D8171133B33D81048D, 8C68F8457905017E93DEDE48, FFD1CAFF8AE4B1CAF891881E, 2E0ED014BC41C24E187EF91F, A55C81E6222E56E54F2F1CE0, 1BCC020A060033B0E7829467, 261E6A4E2B955356F78BD5D7, 18C043857ED3235C4CC2FD0A, 6C1FD24FDE2103E70A785823, D69DE90CE0A7005C98CCE753, A838EE72997FB2A58B3D523C, 04905EA122575A5B0BB4D24B, 7A12D824EF42F5D5CD038344, 5128D561E750C1D42FEEF901, F71306DE4ED1F555920FDED6, 404D3760019F97DE82BDBDB1, DD0C9F53201C349DD2AFA991, 22EE55379876EF4758F92013, AD6A719E77CABA38186B33EF, AC90C89A29784F7DC909AA90, 6A79DC59BD62F2729A064A77, DE722BE31F369240DF71F7DB, A7759BFCEC855E1D08E79EBC, DC2843D17A53128685EE03FD, 259F300139AA15503E12FC4A, 0D92BF91261D3D7F1360666E, 6369AAA71F9546506FE19AA3, E3892F1B31D93D452A1C789D, 7019DA0FE7591D10A4A8E674, DD8CC642FAF5BEA3CAE7E0BF, E350954C946F0648EB36E962, 7A01F5383B8FE0ECC4D5DC51, B7FD338C1EDF8187C5D716EC, 493667B9BD4ADBF850E99D84, E840BFA15F36E713287F0BFB, 3A9A6D98B1A2B304B26D1478, 8F28198A69DBFD662AB13119, CA359D4F3957B917639F8B8F, F4D6E08114D3D2FB2FD5A314, 62E869143A702EE363CEA8C6, AE412E24C4D3039AAB6A9A59, A8D219DF06047CB07F7FD55F, CDCA9B8C09C15E7C5F6AAF54, 222A0CE547EAAD89F14C438F, 1DEE06CA6AF6F5F17BBD0B8C, 82EE55A12CB7460914CDC6C7, 3C9BFF5D1024BD8D605A34E6, 64305F7F974A620505CCCDD2, 659FC887A45DA27D550421B8, 37F2FF2FD10709D1FBBCB950, 2C3BC1D21C20152AA79BA930, A4ACCC45CE8D7E6BEF873ECE, B2835F9ACC11322B2C6325A6, F802FDE77E6CC85FF096B25E, 161DB26C8B503FBDF54A9295, 483C76EEB1B456883D89F4B1, A358F2B7BF1738D7DD4B401D, 7E5E52300C4F39A009142256, 215DB2E832D08D89310D5EBF, B133F8130AECFD1663A9A06A, 48D6FC6CFE09C4FFEF3E4DC8, 55D8EA4067211FF320C3C887, 2C61CE8B648835C38AA14993, 9713BE6456E86FF7B5801089, 3CF252C503E6B05E2DF91E9B, ACD3ABC3FB74ED3F40C4B5AB, A6B648F98FD4C9D270741684, 2784B946142AF38324CB671B, 05843EC527742C4A47C355DB, DE20CEEFA08DA1638E138803, 3996911D472473688FA95E71, C34D773C7E915F3C8BCB0895, E9E70ADB8F4DB674CFA24D1A, 7D2DE7DB256625510A0BF39F, 7110C5C810187541BB9E01DE, 419745417871EEF3EE8556CD, B2D683FB4BE948457522A0F0, FC94942D0CE1A90AEB4C124E, 4B8D821765444821D176E746, 9C73975C1DB6C76D178B3673, D603776295D9B22B15ADDFFA, 6ADDB33A508CD15235C134EA, 5A13E09FCF08FB46E4AD3B11, 157384A21499F30E751B63E5, 416299FF134D4A72B5D15EF8, 836E5C1E34EDF6281F1EA841, 461C0BD04A8976416AE61088, 7E69759C26D0DA19B9400788, 141127EC1A36BF70ACCC7A0B, 3A699866DEE7E4C250D9BC99, 8A17C17579E0311F23E4621E, 2C78C5A5A1F187DC9B68F4ED, EEB37B64D9871314F7054261, BFBE10458B713A09A5726F81, 00C45FD35CB0F9C5F764F070); sourceTree = "<group>"; };
		12FF92BF8CC58A74C768948E = { isa = PBXSourcesBuildPhase; buildActionMask = 2147483647; files = (B7AA8FB2C3B33B9961CA9348, 999C8125DB364028A26C5D0B, 41C6AE6F92ECCD0F68685577, 7D18FC172032FB55C8814A2A, 2F019E7E59D458DED5A26727); runOnlyForDeploymentPostprocessing = 0; };
		7BB2E4DB2BD7FC2D55796D5F = { isa = PBXFrameworksBuildPhase; buildActionMask = 2147483647; files = (); runOnlyForDeploymentPostprocessing = 0; };
		88FA3F1BE41AF85F069F8E78 = { isa = PBXResourcesBuildPhase; buildActionMask = 2147483647; files = (); runOnlyForDeploymentPostprocessing = 0; };
		2949C84E1DE22628244955AF = { isa = PBXNativeTarget; buildConfigurationList = 625CB0AAD484B263553CE01C; buildPhases = (12FF92BF8CC58A74C768948E, 7BB2E4DB2BD7FC2D55796D5F, 88FA3F1BE41AF85F069F8E78); buildRules = (); dependencies = (); name = OrbitCore; productName = OrbitCore; productReference = E4D3F2FD8CF01E05CBB19EB8; productType = "com.apple.product-type.library.static"; };
		EF6FC92D12B027E41DC20E3B = { isa = PBXSourcesBuildPhase; buildActionMask = 2147483647; files = (CF06E771F0021B732C72C7E0, 7E9523822098CA31D1BBBE22, ED4B72AB18E261CD9A4BBFB9, C510EFB560E39A7DF9CEBC08, 67B7ABDF66F5116B39968E79, E9A1EA132D80B41E816D247B, 39DF5CEBE06B701FC392262F, 276377085EF2038FC340AE4B, A395A3A8437A177DCDFB22EF, 3E3C6EDA8B68F5240B3FD0F0, 9AF4AB616C25BFCE631A0F6E, BE1625748866E64DEB813D60, 4E40FEB22BCEC93518A956F7, 104664F86FF7157AFDBBC85D, B214B3928BAEA4A2B1B6130E, 386EE9145653A9B217093FCE, 0713A68652F8866C074381DC, 2DC09059DA20A4661FD4D6DF, 3A4AF6F7281E8087AA23E3DE, 059A5A09873C7935879DAB23, ED5F1B56C3AC6EFC85F63B10, 3107B9445B323FB100912F55, BD58BADD180DC746D24303F8, 3513BA7F3F52D908CE91B9E6, 32390AC6D0909F8C94368EAE, C5CD700B2EA6F7CA7C2682D8, BD5749AE891BB5740708CE54, DE04CD4EACCB9AC9AED92CCF, 6F5176A59C1740774FF28E43, 28C37D1A07664CC200C91A9E, E2A10ACBFFA584EC21E51421); runOnlyForDeploymentPostprocessing = 0; };
		AEAC4648E2791116CD0E6460 = { isa = PBXFrameworksBuildPhase; buildActionMask = 2147483647; files = (); runOnlyForDeploymentPostprocessing = 0; };
		0EFDB05BCD2485F42F0FB24B = { isa = PBXResourcesBuildPhase; buildActionMask = 2147483647; files = (); runOnlyForDeploymentPostprocessing = 0; };
		16F236C454F57E3EB5AF8B93 = { isa = PBXNativeTarget; buildConfigurationList = 6641D433EC7D5088A172A40C; buildPhases = (EF6FC92D12B027E41DC20E3B, AEAC4648E2791116CD0E6460, 0EFDB05BCD2485F42F0FB24B); buildRules = (); dependencies = (); name = NotchCore; productName = NotchCore; productReference = DFCEEE8C059B6DF9C41221E9; productType = "com.apple.product-type.library.static"; };
		DA1656BCEA4EDA7F57600ECE = { isa = PBXContainerItemProxy; containerPortal = 98F54143AB4E86B28C3AFEE0; proxyType = 1; remoteGlobalIDString = 2949C84E1DE22628244955AF; remoteInfo = OrbitCore; };
		0BFAA3496CEE0D10713509E5 = { isa = PBXTargetDependency; target = 2949C84E1DE22628244955AF; targetProxy = DA1656BCEA4EDA7F57600ECE; };
		AED4C1A5D9964EFE292A94A4 = { isa = PBXContainerItemProxy; containerPortal = 98F54143AB4E86B28C3AFEE0; proxyType = 1; remoteGlobalIDString = 16F236C454F57E3EB5AF8B93; remoteInfo = NotchCore; };
		ECDC3C77467F145816BCF730 = { isa = PBXTargetDependency; target = 16F236C454F57E3EB5AF8B93; targetProxy = AED4C1A5D9964EFE292A94A4; };
		F7CF569ABF60F4C858669858 = { isa = PBXSourcesBuildPhase; buildActionMask = 2147483647; files = (1B784D8DACABA94128032B35, 09D23B03825CB18D616D3742, F857D0CC2A57E829448E0D72, CED76E350D6539B3C872F9D6, 8948943B3E32C35A4A8BEB37, 3589C6E9541DD3209FBEB319, F5CAB711B2DDB4DEA48C9838, 75EF80AA0F694BF44F02869B, BB5EB3452F534FD39DA057D8, 48D8E5938C0AD54B8944BCEA, E0994722A4FC877A66DCC571, D69EB80C7E55FDBE644158D5, 417E3BF7755DA44A68B7A3F2, 2E7EF880C0B6DFA38B0B7205, 9E7E22EEADDB98649B2716C7, 7B3549A1D28E0AE24CB1F012, 4C8A17A33FB1C100E58223E2, E2A054C9B17B019DC734E913, F02E0534F7B76080701407B2, E1AE1A237AF5FDE8E589A8AB, 3B1B70E757FEE4F7460E2CEA, F13644061365CF9F9FE842E0, B2D320C8A59D4FB747A9A363, E1DDBD59CC4FF925141DB848, 01A09C332F9AB90EC187D663, 9ECE759D3678859519E167F3, 86B78E1624A9F4F9DD8B045E, 445D799ADF05FFF59B176699, 9186D52501839B1B2FF7FAD0, 9D6DEBE8624A2339FBF73621, 16046533A5A80176AAF5A73F, 84D2129E50207F5B85C930D1, CDFCB8E5B83938E3DEF69035, EF706E817F125B06E808594B, 75233D2AE778B0844A5303CA, 6D71D8010A29BF979D094CF3, 8387F8B886AE931B3314094C, FEACF76139BF7D4E6B4E5A3E, 5F25D8DA664DC2AE82C4974B, 1093252F6A2D3C738F7560D0, AF637B9881A72531EBA699B6, D2C80441BC57399B4AF674DA, 651620E52AF4E99F6C049F7C, 8AF59F72A3D67449938FE4DE, F2167A5CBC8CB9237F9E6229, 9BBA1E371DE9766533686572, 3A86762DF7846176551C45D1, B820A2E5189DBAC548AECA17, D22117A4C0A7AE706B6379CF, CD59D82DE2A712441BABBD74, 550755FBE3275E8466E8C1E6, 731FA414B6B349F5402D020F, 0A0146E2AD9D6051722A0A57, 680FA28535E92460AAA6D69B, 01B48A40C57C47D58A6E5BDD, 072F12B21E14615597CEF2EA, A6D9089836576BD57917F34C, 3327A0C9409C712E9003B53F, 22A1FFB4FDB19A4DD3D29DB9, D8CE9CF4CC851E0001FBB027, 9C3954A7CC203605EA57C25B, EB77EA3365A43C3A37BB754D, 266F98346946BB579F2B3789, EFC37619B4435DF72AD4BA04, 863AA10724A6641D07745791, 218BEFF0A2E904BF3572D96C, 67E28F7810DEA80B9741507B, 70258C4F1BC87F17A66AAC22, B97C3A174F6754FDA3B05314, 7E87A5F3DB12480A41544927, 99861CCF001853E583627E51, 2C5957FBA112B786C2AD32FF, 71189456AD07C95E25C5FD67, BCD09A91E2460792488966D5, DC11F348EDD5BB29DC619ABF, CFE4D27E2648BE60916B6FF5, DC68BFE591550B83D636A81A, F149F7202AFA0BAE8EE365B4, 3794FD2CB9F804E1070876F6); runOnlyForDeploymentPostprocessing = 0; };
		FC271E871FB3AC78516D0FAD = { isa = PBXBuildFile; fileRef = E4D3F2FD8CF01E05CBB19EB8; };
		5134383D9500CDF9D14CF344 = { isa = PBXBuildFile; fileRef = DFCEEE8C059B6DF9C41221E9; };
		94E69B989DF3F1FD5B9352B1 = { isa = PBXFrameworksBuildPhase; buildActionMask = 2147483647; files = (FC271E871FB3AC78516D0FAD, 5134383D9500CDF9D14CF344); runOnlyForDeploymentPostprocessing = 0; };
		3196896253C03B1184DEF66D = { isa = PBXResourcesBuildPhase; buildActionMask = 2147483647; files = (7C57E16B35C018A44DB03870, 4548E331E35E648A3596FE32, BB4D0FD5B175B3EF92BC1949); runOnlyForDeploymentPostprocessing = 0; };
		8AEED327D5C925E15DBA6F13 = { isa = PBXNativeTarget; buildConfigurationList = 339E293755C31BAD29AAF2A3; buildPhases = (F7CF569ABF60F4C858669858, 94E69B989DF3F1FD5B9352B1, 3196896253C03B1184DEF66D); buildRules = (); dependencies = (0BFAA3496CEE0D10713509E5, ECDC3C77467F145816BCF730); name = NotchOrbitPlus; productName = NotchOrbitPlus; productReference = 44AF8F9DEB556111ED29C425; productType = "com.apple.product-type.application"; };
		7C995A966BA48E1577E12BF5 = { isa = PBXContainerItemProxy; containerPortal = 98F54143AB4E86B28C3AFEE0; proxyType = 1; remoteGlobalIDString = 2949C84E1DE22628244955AF; remoteInfo = OrbitCore; };
		ABDF555C73131AB13C745FFB = { isa = PBXTargetDependency; target = 2949C84E1DE22628244955AF; targetProxy = 7C995A966BA48E1577E12BF5; };
		7FEF6E79CDF4B4E32E961BBA = { isa = PBXContainerItemProxy; containerPortal = 98F54143AB4E86B28C3AFEE0; proxyType = 1; remoteGlobalIDString = 16F236C454F57E3EB5AF8B93; remoteInfo = NotchCore; };
		1E17E2E8535AD36264248BC9 = { isa = PBXTargetDependency; target = 16F236C454F57E3EB5AF8B93; targetProxy = 7FEF6E79CDF4B4E32E961BBA; };
		1771253618FEA8B00C938BF9 = { isa = PBXContainerItemProxy; containerPortal = 98F54143AB4E86B28C3AFEE0; proxyType = 1; remoteGlobalIDString = 8AEED327D5C925E15DBA6F13; remoteInfo = NotchOrbitPlus; };
		E6D5549B03A4C7FA28EAE516 = { isa = PBXTargetDependency; target = 8AEED327D5C925E15DBA6F13; targetProxy = 1771253618FEA8B00C938BF9; };
		AE305A38BE6D28B0511FC156 = { isa = PBXSourcesBuildPhase; buildActionMask = 2147483647; files = (21CA96AEED94F4C6DE95E928, AD08231BF5FE1994D906DA33, 3A59BED031C0AFEA41EAAB9B, 1741E9646DBEFE7077DDD49B, 3C1D2651B952FA090D90FC7D, 58C65CFDCDCB19E974FDD8D9, B6FE5742C04AC0EEA53A44C1, 9854FC11461F214D27B75038, F1D72524A2080884900981C1, CFE4F8F377B53DD63842FB20, 99ACB7D5131FBDC620C74BA9, BDA564726841A401CB529C0A, 624B8C6793914D20ECA76B4D, 546E28818EA9F2F09C7A26C2, F6129F74BF181C47CF742B33, DE39B1173F79AEEAB043FF68, 310B3A72E64A35F7C9657BD9, 0DD40F98ACF2B3A5F6D787A0, 821DF51450B4C9074C7148B5, C82579B015203599F593E92A, 5042A5F0CD94E7AB5CB0F98D, B509E4E15C6B6197BDD242DF, 40BAFD5CCA92BBF89D1B94D0, 6AA0D7F273BE457468834940, 3B58D11C8B6640B4589EDC02, 9C064007BB808C3305195433, 2B4C46173D8103ED43D70B8C, 8531E4899C5E9C28B5EC23B4, 4CB1C7748DAD3DB0AE66A6E0, 7052CC53991C4ED787DD2450, BF3ADC9E78C294F01152AC2A, 3FAB68648F8AAE317711C30C, 544E6F669E76C7E7B93FDE67); runOnlyForDeploymentPostprocessing = 0; };
		934CC7C59956BFE3CD39CFD2 = { isa = PBXBuildFile; fileRef = E4D3F2FD8CF01E05CBB19EB8; };
		C1D3CB73EF215B95D6207FF7 = { isa = PBXBuildFile; fileRef = DFCEEE8C059B6DF9C41221E9; };
		79B1DDD93F320A6A568B2849 = { isa = PBXFrameworksBuildPhase; buildActionMask = 2147483647; files = (934CC7C59956BFE3CD39CFD2, C1D3CB73EF215B95D6207FF7); runOnlyForDeploymentPostprocessing = 0; };
		8E5AA350971505616E9C845C = { isa = PBXResourcesBuildPhase; buildActionMask = 2147483647; files = (); runOnlyForDeploymentPostprocessing = 0; };
		E188960739FE2562F84FAAA0 = { isa = PBXNativeTarget; buildConfigurationList = 84FF9EF1214DE42ABE2E221D; buildPhases = (AE305A38BE6D28B0511FC156, 79B1DDD93F320A6A568B2849, 8E5AA350971505616E9C845C); buildRules = (); dependencies = (ABDF555C73131AB13C745FFB, 1E17E2E8535AD36264248BC9, E6D5549B03A4C7FA28EAE516); name = NotchOrbitPlusTests; productName = NotchOrbitPlusTests; productReference = 72D0D2E95F6DABD36D11B935; productType = "com.apple.product-type.bundle.unit-test"; };
		877A6BA951A2EA0025A2ABE8 = { isa = XCBuildConfiguration; buildSettings = { CLANG_ENABLE_MODULES = "YES"; CODE_SIGNING_ALLOWED = "NO"; DEBUG_INFORMATION_FORMAT = "dwarf"; MACOSX_DEPLOYMENT_TARGET = "14.0"; ONLY_ACTIVE_ARCH = "YES"; SDKROOT = "macosx"; SUPPORTED_PLATFORMS = "macosx"; SWIFT_ACTIVE_COMPILATION_CONDITIONS = "DEBUG"; SWIFT_OPTIMIZATION_LEVEL = "-Onone"; SWIFT_STRICT_CONCURRENCY = "complete"; SWIFT_VERSION = "6.0"; }; name = Debug; };
		959134B361DD7E21ADEA3164 = { isa = XCBuildConfiguration; buildSettings = { ARCHS = "arm64 x86_64"; CLANG_ENABLE_MODULES = "YES"; CODE_SIGNING_ALLOWED = "NO"; DEBUG_INFORMATION_FORMAT = "dwarf-with-dsym"; MACOSX_DEPLOYMENT_TARGET = "14.0"; ONLY_ACTIVE_ARCH = "NO"; SDKROOT = "macosx"; SUPPORTED_PLATFORMS = "macosx"; SWIFT_ACTIVE_COMPILATION_CONDITIONS = ""; SWIFT_OPTIMIZATION_LEVEL = "-O"; SWIFT_STRICT_CONCURRENCY = "complete"; SWIFT_VERSION = "6.0"; }; name = Release; };
		247BF104A9AD002C539DA531 = { isa = XCConfigurationList; buildConfigurations = (877A6BA951A2EA0025A2ABE8, 959134B361DD7E21ADEA3164); defaultConfigurationIsVisible = 0; defaultConfigurationName = Release; };
		EEDF773C6595B72EFCEF0F1C = { isa = XCBuildConfiguration; buildSettings = { CLANG_ENABLE_MODULES = "YES"; CODE_SIGNING_ALLOWED = "NO"; DEBUG_INFORMATION_FORMAT = "dwarf"; DEFINES_MODULE = "YES"; ENABLE_TESTABILITY = "YES"; MACH_O_TYPE = "staticlib"; MACOSX_DEPLOYMENT_TARGET = "14.0"; ONLY_ACTIVE_ARCH = "YES"; PRODUCT_MODULE_NAME = "OrbitCore"; PRODUCT_NAME = "$(TARGET_NAME)"; SDKROOT = "macosx"; SKIP_INSTALL = "YES"; SUPPORTED_PLATFORMS = "macosx"; SWIFT_ACTIVE_COMPILATION_CONDITIONS = "DEBUG"; SWIFT_INCLUDE_PATHS = "$(inherited) $(BUILT_PRODUCTS_DIR)"; SWIFT_INSTALL_OBJC_HEADER = "NO"; SWIFT_OPTIMIZATION_LEVEL = "-Onone"; SWIFT_STRICT_CONCURRENCY = "complete"; SWIFT_VERSION = "6.0"; }; name = Debug; };
		766406AF232F030B5EAF92D3 = { isa = XCBuildConfiguration; buildSettings = { ARCHS = "arm64 x86_64"; CLANG_ENABLE_MODULES = "YES"; CODE_SIGNING_ALLOWED = "NO"; DEBUG_INFORMATION_FORMAT = "dwarf-with-dsym"; DEFINES_MODULE = "YES"; ENABLE_TESTABILITY = "YES"; MACH_O_TYPE = "staticlib"; MACOSX_DEPLOYMENT_TARGET = "14.0"; ONLY_ACTIVE_ARCH = "NO"; PRODUCT_MODULE_NAME = "OrbitCore"; PRODUCT_NAME = "$(TARGET_NAME)"; SDKROOT = "macosx"; SKIP_INSTALL = "YES"; SUPPORTED_PLATFORMS = "macosx"; SWIFT_ACTIVE_COMPILATION_CONDITIONS = ""; SWIFT_INCLUDE_PATHS = "$(inherited) $(BUILT_PRODUCTS_DIR)"; SWIFT_INSTALL_OBJC_HEADER = "NO"; SWIFT_OPTIMIZATION_LEVEL = "-O"; SWIFT_STRICT_CONCURRENCY = "complete"; SWIFT_VERSION = "6.0"; }; name = Release; };
		625CB0AAD484B263553CE01C = { isa = XCConfigurationList; buildConfigurations = (EEDF773C6595B72EFCEF0F1C, 766406AF232F030B5EAF92D3); defaultConfigurationIsVisible = 0; defaultConfigurationName = Release; };
		DBC9F9B7A9C3963EF4F81F2A = { isa = XCBuildConfiguration; buildSettings = { CLANG_ENABLE_MODULES = "YES"; CODE_SIGNING_ALLOWED = "NO"; DEBUG_INFORMATION_FORMAT = "dwarf"; DEFINES_MODULE = "YES"; ENABLE_TESTABILITY = "YES"; MACH_O_TYPE = "staticlib"; MACOSX_DEPLOYMENT_TARGET = "14.0"; ONLY_ACTIVE_ARCH = "YES"; PRODUCT_MODULE_NAME = "NotchCore"; PRODUCT_NAME = "$(TARGET_NAME)"; SDKROOT = "macosx"; SKIP_INSTALL = "YES"; SUPPORTED_PLATFORMS = "macosx"; SWIFT_ACTIVE_COMPILATION_CONDITIONS = "DEBUG"; SWIFT_INCLUDE_PATHS = "$(inherited) $(BUILT_PRODUCTS_DIR)"; SWIFT_INSTALL_OBJC_HEADER = "NO"; SWIFT_OPTIMIZATION_LEVEL = "-Onone"; SWIFT_STRICT_CONCURRENCY = "complete"; SWIFT_VERSION = "6.0"; }; name = Debug; };
		E4A2142454F09F097E5DBA96 = { isa = XCBuildConfiguration; buildSettings = { ARCHS = "arm64 x86_64"; CLANG_ENABLE_MODULES = "YES"; CODE_SIGNING_ALLOWED = "NO"; DEBUG_INFORMATION_FORMAT = "dwarf-with-dsym"; DEFINES_MODULE = "YES"; ENABLE_TESTABILITY = "YES"; MACH_O_TYPE = "staticlib"; MACOSX_DEPLOYMENT_TARGET = "14.0"; ONLY_ACTIVE_ARCH = "NO"; PRODUCT_MODULE_NAME = "NotchCore"; PRODUCT_NAME = "$(TARGET_NAME)"; SDKROOT = "macosx"; SKIP_INSTALL = "YES"; SUPPORTED_PLATFORMS = "macosx"; SWIFT_ACTIVE_COMPILATION_CONDITIONS = ""; SWIFT_INCLUDE_PATHS = "$(inherited) $(BUILT_PRODUCTS_DIR)"; SWIFT_INSTALL_OBJC_HEADER = "NO"; SWIFT_OPTIMIZATION_LEVEL = "-O"; SWIFT_STRICT_CONCURRENCY = "complete"; SWIFT_VERSION = "6.0"; }; name = Release; };
		6641D433EC7D5088A172A40C = { isa = XCConfigurationList; buildConfigurations = (DBC9F9B7A9C3963EF4F81F2A, E4A2142454F09F097E5DBA96); defaultConfigurationIsVisible = 0; defaultConfigurationName = Release; };
		421654F564C598C776F3F11F = { isa = XCBuildConfiguration; buildSettings = { CLANG_ENABLE_MODULES = "YES"; CODE_SIGNING_ALLOWED = "NO"; DEBUG_INFORMATION_FORMAT = "dwarf"; ENABLE_TESTABILITY = "YES"; HEADER_SEARCH_PATHS = "$(inherited) $(SRCROOT)/../build/WebP/include"; INFOPLIST_FILE = "Resources/Info.plist"; LD_RUNPATH_SEARCH_PATHS = "$(inherited) @executable_path/../Frameworks"; MACOSX_DEPLOYMENT_TARGET = "14.0"; ONLY_ACTIVE_ARCH = "YES"; OTHER_LDFLAGS = "$(inherited) -L$(SRCROOT)/../build/WebP/lib -lwebp -lsharpyuv -weak_framework FoundationModels"; PRODUCT_BUNDLE_IDENTIFIER = "com.sknitd.NotchOrbitPlus"; PRODUCT_MODULE_NAME = "NotchOrbitPlus"; PRODUCT_NAME = "$(TARGET_NAME)"; SDKROOT = "macosx"; SUPPORTED_PLATFORMS = "macosx"; SWIFT_ACTIVE_COMPILATION_CONDITIONS = "DEBUG"; SWIFT_INCLUDE_PATHS = "$(inherited) $(BUILT_PRODUCTS_DIR)"; SWIFT_OBJC_BRIDGING_HEADER = "../Sources/OrbitDrop/WebPBridge.h"; SWIFT_OPTIMIZATION_LEVEL = "-Onone"; SWIFT_STRICT_CONCURRENCY = "complete"; SWIFT_VERSION = "6.0"; }; name = Debug; };
		80BEF0A2986BB07DB22E0A82 = { isa = XCBuildConfiguration; buildSettings = { ARCHS = "arm64 x86_64"; CLANG_ENABLE_MODULES = "YES"; CODE_SIGNING_ALLOWED = "NO"; DEBUG_INFORMATION_FORMAT = "dwarf-with-dsym"; ENABLE_TESTABILITY = "YES"; HEADER_SEARCH_PATHS = "$(inherited) $(SRCROOT)/../build/WebP/include"; INFOPLIST_FILE = "Resources/Info.plist"; LD_RUNPATH_SEARCH_PATHS = "$(inherited) @executable_path/../Frameworks"; MACOSX_DEPLOYMENT_TARGET = "14.0"; ONLY_ACTIVE_ARCH = "NO"; OTHER_LDFLAGS = "$(inherited) -L$(SRCROOT)/../build/WebP/lib -lwebp -lsharpyuv -weak_framework FoundationModels"; PRODUCT_BUNDLE_IDENTIFIER = "com.sknitd.NotchOrbitPlus"; PRODUCT_MODULE_NAME = "NotchOrbitPlus"; PRODUCT_NAME = "$(TARGET_NAME)"; SDKROOT = "macosx"; SUPPORTED_PLATFORMS = "macosx"; SWIFT_ACTIVE_COMPILATION_CONDITIONS = ""; SWIFT_INCLUDE_PATHS = "$(inherited) $(BUILT_PRODUCTS_DIR)"; SWIFT_OBJC_BRIDGING_HEADER = "../Sources/OrbitDrop/WebPBridge.h"; SWIFT_OPTIMIZATION_LEVEL = "-O"; SWIFT_STRICT_CONCURRENCY = "complete"; SWIFT_VERSION = "6.0"; }; name = Release; };
		339E293755C31BAD29AAF2A3 = { isa = XCConfigurationList; buildConfigurations = (421654F564C598C776F3F11F, 80BEF0A2986BB07DB22E0A82); defaultConfigurationIsVisible = 0; defaultConfigurationName = Release; };
		AEDBC86B98A453FD114FAE6C = { isa = XCBuildConfiguration; buildSettings = { BUNDLE_LOADER = "$(TEST_HOST)"; CLANG_ENABLE_MODULES = "YES"; CODE_SIGNING_ALLOWED = "NO"; DEBUG_INFORMATION_FORMAT = "dwarf"; ENABLE_TESTABILITY = "YES"; GENERATE_INFOPLIST_FILE = "YES"; HEADER_SEARCH_PATHS = "$(inherited) $(SRCROOT)/../build/WebP/include"; LD_RUNPATH_SEARCH_PATHS = "$(inherited) @executable_path/../Frameworks @loader_path/../Frameworks"; MACOSX_DEPLOYMENT_TARGET = "14.0"; ONLY_ACTIVE_ARCH = "YES"; PRODUCT_BUNDLE_IDENTIFIER = "com.sknitd.NotchOrbitPlusTests"; PRODUCT_MODULE_NAME = "NotchOrbitPlusTests"; PRODUCT_NAME = "$(TARGET_NAME)"; SDKROOT = "macosx"; SUPPORTED_PLATFORMS = "macosx"; SWIFT_ACTIVE_COMPILATION_CONDITIONS = "DEBUG"; SWIFT_INCLUDE_PATHS = "$(inherited) $(BUILT_PRODUCTS_DIR)"; SWIFT_OPTIMIZATION_LEVEL = "-Onone"; SWIFT_STRICT_CONCURRENCY = "complete"; SWIFT_VERSION = "6.0"; TEST_HOST = "$(BUILT_PRODUCTS_DIR)/NotchOrbitPlus.app/Contents/MacOS/NotchOrbitPlus"; }; name = Debug; };
		B6916256F3D3A27D38C21342 = { isa = XCBuildConfiguration; buildSettings = { ARCHS = "arm64 x86_64"; BUNDLE_LOADER = "$(TEST_HOST)"; CLANG_ENABLE_MODULES = "YES"; CODE_SIGNING_ALLOWED = "NO"; DEBUG_INFORMATION_FORMAT = "dwarf-with-dsym"; ENABLE_TESTABILITY = "YES"; GENERATE_INFOPLIST_FILE = "YES"; HEADER_SEARCH_PATHS = "$(inherited) $(SRCROOT)/../build/WebP/include"; LD_RUNPATH_SEARCH_PATHS = "$(inherited) @executable_path/../Frameworks @loader_path/../Frameworks"; MACOSX_DEPLOYMENT_TARGET = "14.0"; ONLY_ACTIVE_ARCH = "NO"; PRODUCT_BUNDLE_IDENTIFIER = "com.sknitd.NotchOrbitPlusTests"; PRODUCT_MODULE_NAME = "NotchOrbitPlusTests"; PRODUCT_NAME = "$(TARGET_NAME)"; SDKROOT = "macosx"; SUPPORTED_PLATFORMS = "macosx"; SWIFT_ACTIVE_COMPILATION_CONDITIONS = ""; SWIFT_INCLUDE_PATHS = "$(inherited) $(BUILT_PRODUCTS_DIR)"; SWIFT_OPTIMIZATION_LEVEL = "-O"; SWIFT_STRICT_CONCURRENCY = "complete"; SWIFT_VERSION = "6.0"; TEST_HOST = "$(BUILT_PRODUCTS_DIR)/NotchOrbitPlus.app/Contents/MacOS/NotchOrbitPlus"; }; name = Release; };
		84FF9EF1214DE42ABE2E221D = { isa = XCConfigurationList; buildConfigurations = (AEDBC86B98A453FD114FAE6C, B6916256F3D3A27D38C21342); defaultConfigurationIsVisible = 0; defaultConfigurationName = Release; };
		98F54143AB4E86B28C3AFEE0 = { isa = PBXProject; attributes = { LastUpgradeCheck = 1600; }; buildConfigurationList = 247BF104A9AD002C539DA531; compatibilityVersion = "Xcode 14.0"; developmentRegion = en; hasScannedForEncodings = 0; knownRegions = (en, Base); mainGroup = ADCF10F76EBF2A74473E9DC4; productRefGroup = 00C45FD35CB0F9C5F764F070; projectDirPath = ""; projectRoot = ""; targets = (2949C84E1DE22628244955AF, 16F236C454F57E3EB5AF8B93, 8AEED327D5C925E15DBA6F13, E188960739FE2562F84FAAA0); };
	};
	rootObject = 98F54143AB4E86B28C3AFEE0;
}
